// !$*UTF8*$!
{
	archiveVersion = 1;
	classes = {
	};
	objectVersion = 46;
	objects = {

/* Begin PBXBuildFile section */
		1AC6FB21180E996B004C840B /* libcocos2d Mac.a in Frameworks */ = {isa = PBXBuildFile; fileRef = 1AC6FAF9180E9839004C840B /* libcocos2d Mac.a */; };
		1AC6FB30180E99EB004C840B /* libcocos2d iOS.a in Frameworks */ = {isa = PBXBuildFile; fileRef = 1AC6FB07180E9839004C840B /* libcocos2d iOS.a */; };
		1D60589F0D05DD5A006BFB54 /* Foundation.framework in Frameworks */ = {isa = PBXBuildFile; fileRef = 1D30AB110D05D00D00671497 /* Foundation.framework */; };
		1DF5F4E00D08C38300B7A737 /* UIKit.framework in Frameworks */ = {isa = PBXBuildFile; fileRef = 1DF5F4DF0D08C38300B7A737 /* UIKit.framework */; };
		288765A50DF7441C002DB57D /* CoreGraphics.framework in Frameworks */ = {isa = PBXBuildFile; fileRef = 288765A40DF7441C002DB57D /* CoreGraphics.framework */; };
		3EACC98F19EE6D4300EB3C5E /* res in Resources */ = {isa = PBXBuildFile; fileRef = 3EACC98E19EE6D4300EB3C5E /* res */; };
		3EACC99019EE6D4300EB3C5E /* res in Resources */ = {isa = PBXBuildFile; fileRef = 3EACC98E19EE6D4300EB3C5E /* res */; };
		46880B8819C43A87006E1F66 /* AppDelegate.cpp in Sources */ = {isa = PBXBuildFile; fileRef = 46880B8419C43A87006E1F66 /* AppDelegate.cpp */; };
		46880B8919C43A87006E1F66 /* AppDelegate.cpp in Sources */ = {isa = PBXBuildFile; fileRef = 46880B8419C43A87006E1F66 /* AppDelegate.cpp */; };
		503AE0F817EB97AB00D1A890 /* Icon.icns in Resources */ = {isa = PBXBuildFile; fileRef = 503AE0F617EB97AB00D1A890 /* Icon.icns */; };
		503AE10017EB989F00D1A890 /* AppController.mm in Sources */ = {isa = PBXBuildFile; fileRef = 503AE0FB17EB989F00D1A890 /* AppController.mm */; };
		503AE10117EB989F00D1A890 /* main.m in Sources */ = {isa = PBXBuildFile; fileRef = 503AE0FC17EB989F00D1A890 /* main.m */; };
		503AE10217EB989F00D1A890 /* RootViewController.mm in Sources */ = {isa = PBXBuildFile; fileRef = 503AE0FF17EB989F00D1A890 /* RootViewController.mm */; };
		503AE10517EB98FF00D1A890 /* main.cpp in Sources */ = {isa = PBXBuildFile; fileRef = 503AE10317EB98FF00D1A890 /* main.cpp */; };
		503AE11B17EB9C5A00D1A890 /* IOKit.framework in Frameworks */ = {isa = PBXBuildFile; fileRef = 503AE11A17EB9C5A00D1A890 /* IOKit.framework */; };
		5087E76317EB910900C73F5D /* Foundation.framework in Frameworks */ = {isa = PBXBuildFile; fileRef = 1D30AB110D05D00D00671497 /* Foundation.framework */; };
		5087E76717EB910900C73F5D /* libz.dylib in Frameworks */ = {isa = PBXBuildFile; fileRef = BF170DB412928DE900B8313A /* libz.dylib */; };
		5087E76817EB910900C73F5D /* QuartzCore.framework in Frameworks */ = {isa = PBXBuildFile; fileRef = BF1C47EA1293683800B63C5D /* QuartzCore.framework */; };
		5087E76917EB910900C73F5D /* OpenAL.framework in Frameworks */ = {isa = PBXBuildFile; fileRef = D44C620B132DFF330009C878 /* OpenAL.framework */; };
		5087E76A17EB910900C73F5D /* AVFoundation.framework in Frameworks */ = {isa = PBXBuildFile; fileRef = D44C620D132DFF430009C878 /* AVFoundation.framework */; };
		5087E76B17EB910900C73F5D /* AudioToolbox.framework in Frameworks */ = {isa = PBXBuildFile; fileRef = D44C620F132DFF4E0009C878 /* AudioToolbox.framework */; };
		5087E77D17EB970100C73F5D /* Default-568h@2x.png in Resources */ = {isa = PBXBuildFile; fileRef = 5087E77217EB970100C73F5D /* Default-568h@2x.png */; };
		5087E77E17EB970100C73F5D /* Default.png in Resources */ = {isa = PBXBuildFile; fileRef = 5087E77317EB970100C73F5D /* Default.png */; };
		5087E77F17EB970100C73F5D /* Default@2x.png in Resources */ = {isa = PBXBuildFile; fileRef = 5087E77417EB970100C73F5D /* Default@2x.png */; };
		5087E78017EB970100C73F5D /* Icon-114.png in Resources */ = {isa = PBXBuildFile; fileRef = 5087E77517EB970100C73F5D /* Icon-114.png */; };
		5087E78117EB970100C73F5D /* Icon-120.png in Resources */ = {isa = PBXBuildFile; fileRef = 5087E77617EB970100C73F5D /* Icon-120.png */; };
		5087E78217EB970100C73F5D /* Icon-144.png in Resources */ = {isa = PBXBuildFile; fileRef = 5087E77717EB970100C73F5D /* Icon-144.png */; };
		5087E78317EB970100C73F5D /* Icon-152.png in Resources */ = {isa = PBXBuildFile; fileRef = 5087E77817EB970100C73F5D /* Icon-152.png */; };
		5087E78417EB970100C73F5D /* Icon-57.png in Resources */ = {isa = PBXBuildFile; fileRef = 5087E77917EB970100C73F5D /* Icon-57.png */; };
		5087E78517EB970100C73F5D /* Icon-72.png in Resources */ = {isa = PBXBuildFile; fileRef = 5087E77A17EB970100C73F5D /* Icon-72.png */; };
		5087E78617EB970100C73F5D /* Icon-76.png in Resources */ = {isa = PBXBuildFile; fileRef = 5087E77B17EB970100C73F5D /* Icon-76.png */; };
		5087E78917EB974C00C73F5D /* AppKit.framework in Frameworks */ = {isa = PBXBuildFile; fileRef = 5087E78817EB974C00C73F5D /* AppKit.framework */; };
		5087E78B17EB975400C73F5D /* OpenGL.framework in Frameworks */ = {isa = PBXBuildFile; fileRef = 5087E78A17EB975400C73F5D /* OpenGL.framework */; };
		50EF629617ECD46A001EB2F8 /* Icon-40.png in Resources */ = {isa = PBXBuildFile; fileRef = 50EF629217ECD46A001EB2F8 /* Icon-40.png */; };
		50EF629717ECD46A001EB2F8 /* Icon-58.png in Resources */ = {isa = PBXBuildFile; fileRef = 50EF629317ECD46A001EB2F8 /* Icon-58.png */; };
		50EF629817ECD46A001EB2F8 /* Icon-80.png in Resources */ = {isa = PBXBuildFile; fileRef = 50EF629417ECD46A001EB2F8 /* Icon-80.png */; };
		50EF629917ECD46A001EB2F8 /* Icon-100.png in Resources */ = {isa = PBXBuildFile; fileRef = 50EF629517ECD46A001EB2F8 /* Icon-100.png */; };
		50EF62A217ECD613001EB2F8 /* Icon-29.png in Resources */ = {isa = PBXBuildFile; fileRef = 50EF62A017ECD613001EB2F8 /* Icon-29.png */; };
		50EF62A317ECD613001EB2F8 /* Icon-50.png in Resources */ = {isa = PBXBuildFile; fileRef = 50EF62A117ECD613001EB2F8 /* Icon-50.png */; };
		521A8E6419F0C34300D177D7 /* Default-667h@2x.png in Resources */ = {isa = PBXBuildFile; fileRef = 521A8E6219F0C34300D177D7 /* Default-667h@2x.png */; };
		521A8E6519F0C34300D177D7 /* Default-736h@3x.png in Resources */ = {isa = PBXBuildFile; fileRef = 521A8E6319F0C34300D177D7 /* Default-736h@3x.png */; };
		521A8EA919F11F5000D177D7 /* fonts in Resources */ = {isa = PBXBuildFile; fileRef = 521A8EA819F11F5000D177D7 /* fonts */; };
		521A8EAA19F11F5000D177D7 /* fonts in Resources */ = {isa = PBXBuildFile; fileRef = 521A8EA819F11F5000D177D7 /* fonts */; };
		52B47A471A53D09C004E4C60 /* Security.framework in Frameworks */ = {isa = PBXBuildFile; fileRef = 52B47A461A53D09B004E4C60 /* Security.framework */; };
		8262943E1AAF051F00CB7CF7 /* Security.framework in Frameworks */ = {isa = PBXBuildFile; fileRef = 8262943D1AAF051F00CB7CF7 /* Security.framework */; };
		BF171245129291EC00B8313A /* OpenGLES.framework in Frameworks */ = {isa = PBXBuildFile; fileRef = BF170DB012928DE900B8313A /* OpenGLES.framework */; };
		BF1712471292920000B8313A /* libz.dylib in Frameworks */ = {isa = PBXBuildFile; fileRef = BF170DB412928DE900B8313A /* libz.dylib */; };
		BF1C47F01293687400B63C5D /* QuartzCore.framework in Frameworks */ = {isa = PBXBuildFile; fileRef = BF1C47EA1293683800B63C5D /* QuartzCore.framework */; };
		D44C620C132DFF330009C878 /* OpenAL.framework in Frameworks */ = {isa = PBXBuildFile; fileRef = D44C620B132DFF330009C878 /* OpenAL.framework */; };
		D44C620E132DFF430009C878 /* AVFoundation.framework in Frameworks */ = {isa = PBXBuildFile; fileRef = D44C620D132DFF430009C878 /* AVFoundation.framework */; };
		D44C6210132DFF4E0009C878 /* AudioToolbox.framework in Frameworks */ = {isa = PBXBuildFile; fileRef = D44C620F132DFF4E0009C878 /* AudioToolbox.framework */; };
		D51B37851BB2095D005A5976 /* ScoreHUD.cpp in Sources */ = {isa = PBXBuildFile; fileRef = D51B37831BB2095D005A5976 /* ScoreHUD.cpp */; };
		D51B37861BB2095D005A5976 /* ScoreHUD.cpp in Sources */ = {isa = PBXBuildFile; fileRef = D51B37831BB2095D005A5976 /* ScoreHUD.cpp */; };
		D51C96081C93693D00081741 /* CreditLayer.cpp in Sources */ = {isa = PBXBuildFile; fileRef = D51C96071C93693D00081741 /* CreditLayer.cpp */; };
		D5253ABB1B088B0500AFC291 /* blank.png in Resources */ = {isa = PBXBuildFile; fileRef = D5253ABA1B088B0500AFC291 /* blank.png */; };
		D5253ABC1B088B0500AFC291 /* blank.png in Resources */ = {isa = PBXBuildFile; fileRef = D5253ABA1B088B0500AFC291 /* blank.png */; };
		D528C11C1C7D155B00BDCB41 /* Images.xcassets in Resources */ = {isa = PBXBuildFile; fileRef = D528C11B1C7D155B00BDCB41 /* Images.xcassets */; };
		D52BDA041B864CBE0049A538 /* SplashScreenLayer.cpp in Sources */ = {isa = PBXBuildFile; fileRef = D52BDA021B864CBE0049A538 /* SplashScreenLayer.cpp */; };
		D52BDA051B864CBE0049A538 /* SplashScreenLayer.cpp in Sources */ = {isa = PBXBuildFile; fileRef = D52BDA021B864CBE0049A538 /* SplashScreenLayer.cpp */; };
		D52BDA081B864E8E0049A538 /* GameLayer.cpp in Sources */ = {isa = PBXBuildFile; fileRef = D52BDA061B864E8E0049A538 /* GameLayer.cpp */; };
		D52BDA091B864E8E0049A538 /* GameLayer.cpp in Sources */ = {isa = PBXBuildFile; fileRef = D52BDA061B864E8E0049A538 /* GameLayer.cpp */; };
		D52BDA0C1B8651CC0049A538 /* GameOverHUD.cpp in Sources */ = {isa = PBXBuildFile; fileRef = D52BDA0A1B8651CC0049A538 /* GameOverHUD.cpp */; };
		D52BDA0D1B8651CC0049A538 /* GameOverHUD.cpp in Sources */ = {isa = PBXBuildFile; fileRef = D52BDA0A1B8651CC0049A538 /* GameOverHUD.cpp */; };
		D52BDA0F1B8676250049A538 /* Constants.h in Sources */ = {isa = PBXBuildFile; fileRef = D52BDA0E1B8676250049A538 /* Constants.h */; };
		D52BDA101B8676250049A538 /* Constants.h in Sources */ = {isa = PBXBuildFile; fileRef = D52BDA0E1B8676250049A538 /* Constants.h */; };
		D52BDA431B8A66270049A538 /* LayerBackground.cpp in Sources */ = {isa = PBXBuildFile; fileRef = D52BDA411B8A66270049A538 /* LayerBackground.cpp */; };
		D52BDA441B8A66270049A538 /* LayerBackground.cpp in Sources */ = {isa = PBXBuildFile; fileRef = D52BDA411B8A66270049A538 /* LayerBackground.cpp */; };
		D52BDA471B8A94000049A538 /* Collectable.cpp in Sources */ = {isa = PBXBuildFile; fileRef = D52BDA451B8A94000049A538 /* Collectable.cpp */; };
		D52BDA481B8A94000049A538 /* Collectable.cpp in Sources */ = {isa = PBXBuildFile; fileRef = D52BDA451B8A94000049A538 /* Collectable.cpp */; };
		D52C3BBD1BAF550E001F0205 /* PauseHUD.cpp in Sources */ = {isa = PBXBuildFile; fileRef = D52C3BBB1BAF550E001F0205 /* PauseHUD.cpp */; };
		D52C3BBE1BAF550E001F0205 /* PauseHUD.cpp in Sources */ = {isa = PBXBuildFile; fileRef = D52C3BBB1BAF550E001F0205 /* PauseHUD.cpp */; };
		D536C9E51C024E970046C82B /* HomeLayer.cpp in Sources */ = {isa = PBXBuildFile; fileRef = D536C9E31C024E970046C82B /* HomeLayer.cpp */; };
		D536C9E61C024E970046C82B /* HomeLayer.cpp in Sources */ = {isa = PBXBuildFile; fileRef = D536C9E31C024E970046C82B /* HomeLayer.cpp */; };
		D536C9E91C02E81A0046C82B /* Stage.cpp in Sources */ = {isa = PBXBuildFile; fileRef = D536C9E71C02E81A0046C82B /* Stage.cpp */; };
		D536C9EA1C02E81A0046C82B /* Stage.cpp in Sources */ = {isa = PBXBuildFile; fileRef = D536C9E71C02E81A0046C82B /* Stage.cpp */; };
		D536C9ED1C03BF660046C82B /* StageStatus.cpp in Sources */ = {isa = PBXBuildFile; fileRef = D536C9EC1C03BF660046C82B /* StageStatus.cpp */; };
		D536C9EE1C03BF660046C82B /* StageStatus.cpp in Sources */ = {isa = PBXBuildFile; fileRef = D536C9EC1C03BF660046C82B /* StageStatus.cpp */; };
		D53DBEC91BA89FC4001A812F /* resource_hd in Resources */ = {isa = PBXBuildFile; fileRef = D53DBEC61BA89FC4001A812F /* resource_hd */; };
		D53DBECA1BA89FC4001A812F /* resource_hd2 in Resources */ = {isa = PBXBuildFile; fileRef = D53DBEC71BA89FC4001A812F /* resource_hd2 */; };
		D53DBECB1BA89FC4001A812F /* resource_sd in Resources */ = {isa = PBXBuildFile; fileRef = D53DBEC81BA89FC4001A812F /* resource_sd */; };
		D5548C1A1C0CEAA000C1C86C /* FloatingChicken.cpp in Sources */ = {isa = PBXBuildFile; fileRef = D5548C181C0CEAA000C1C86C /* FloatingChicken.cpp */; };
		D5548C1B1C0CEAA000C1C86C /* FloatingChicken.cpp in Sources */ = {isa = PBXBuildFile; fileRef = D5548C181C0CEAA000C1C86C /* FloatingChicken.cpp */; };
		D5548C1D1C13003900C1C86C /* explosion.wav in Resources */ = {isa = PBXBuildFile; fileRef = D5548C1C1C13003900C1C86C /* explosion.wav */; };
		D5548C1E1C13003900C1C86C /* explosion.wav in Resources */ = {isa = PBXBuildFile; fileRef = D5548C1C1C13003900C1C86C /* explosion.wav */; };
		D5548C291C143DDA00C1C86C /* SpecialCollectable.cpp in Sources */ = {isa = PBXBuildFile; fileRef = D5548C271C143DDA00C1C86C /* SpecialCollectable.cpp */; };
		D5548C2A1C143DDA00C1C86C /* SpecialCollectable.cpp in Sources */ = {isa = PBXBuildFile; fileRef = D5548C271C143DDA00C1C86C /* SpecialCollectable.cpp */; };
		D5548C2C1C147BD900C1C86C /* lifeup.wav in Resources */ = {isa = PBXBuildFile; fileRef = D5548C2B1C147BD900C1C86C /* lifeup.wav */; };
		D5548C2D1C147BD900C1C86C /* lifeup.wav in Resources */ = {isa = PBXBuildFile; fileRef = D5548C2B1C147BD900C1C86C /* lifeup.wav */; };
		D5548C2F1C147E2900C1C86C /* dead.wav in Resources */ = {isa = PBXBuildFile; fileRef = D5548C2E1C147E2900C1C86C /* dead.wav */; };
		D5548C301C147E2900C1C86C /* dead.wav in Resources */ = {isa = PBXBuildFile; fileRef = D5548C2E1C147E2900C1C86C /* dead.wav */; };
		D5548C321C1481FA00C1C86C /* pickup_coin.wav in Resources */ = {isa = PBXBuildFile; fileRef = D5548C311C1481FA00C1C86C /* pickup_coin.wav */; };
		D5548C331C1481FA00C1C86C /* pickup_coin.wav in Resources */ = {isa = PBXBuildFile; fileRef = D5548C311C1481FA00C1C86C /* pickup_coin.wav */; };
		D5548C361C17765D00C1C86C /* SettingsMenuHUD.cpp in Sources */ = {isa = PBXBuildFile; fileRef = D5548C341C17765D00C1C86C /* SettingsMenuHUD.cpp */; };
		D5548C371C17765D00C1C86C /* SettingsMenuHUD.cpp in Sources */ = {isa = PBXBuildFile; fileRef = D5548C341C17765D00C1C86C /* SettingsMenuHUD.cpp */; };
		D5548C3A1C1B7CF600C1C86C /* BackButton.cpp in Sources */ = {isa = PBXBuildFile; fileRef = D5548C381C1B7CF600C1C86C /* BackButton.cpp */; };
		D5548C3B1C1B7CF600C1C86C /* BackButton.cpp in Sources */ = {isa = PBXBuildFile; fileRef = D5548C381C1B7CF600C1C86C /* BackButton.cpp */; };
		D575334B1C583A7500E4C350 /* win.wav in Resources */ = {isa = PBXBuildFile; fileRef = D575334A1C583A7500E4C350 /* win.wav */; };
		D575334C1C583A7500E4C350 /* win.wav in Resources */ = {isa = PBXBuildFile; fileRef = D575334A1C583A7500E4C350 /* win.wav */; };
		D575D0F51B94DD0D0082D427 /* Trampoline.cpp in Sources */ = {isa = PBXBuildFile; fileRef = D575D0F31B94DD0D0082D427 /* Trampoline.cpp */; };
		D575D0F61B94DD0D0082D427 /* Trampoline.cpp in Sources */ = {isa = PBXBuildFile; fileRef = D575D0F31B94DD0D0082D427 /* Trampoline.cpp */; };
		D57CF0331B996DD600987F3E /* jump.wav in Resources */ = {isa = PBXBuildFile; fileRef = D57CF0321B996DD600987F3E /* jump.wav */; };
		D57CF0341B996DD600987F3E /* jump.wav in Resources */ = {isa = PBXBuildFile; fileRef = D57CF0321B996DD600987F3E /* jump.wav */; };
		D59103D41B8BA5D5005E5CD9 /* Chicken.cpp in Sources */ = {isa = PBXBuildFile; fileRef = D59103D21B8BA5D5005E5CD9 /* Chicken.cpp */; };
		D59103D71B8BC1A5005E5CD9 /* Cloud.cpp in Sources */ = {isa = PBXBuildFile; fileRef = D59103D51B8BC1A5005E5CD9 /* Cloud.cpp */; };
		D5A686781C98C3CE000E0E3C /* GoogleMobileAds.framework in Frameworks */ = {isa = PBXBuildFile; fileRef = D5A686771C98C3CE000E0E3C /* GoogleMobileAds.framework */; };
		D5A6867A1C98C444000E0E3C /* AdSupport.framework in Frameworks */ = {isa = PBXBuildFile; fileRef = D5A686791C98C444000E0E3C /* AdSupport.framework */; };
		D5A6867C1C98C47E000E0E3C /* CoreMedia.framework in Frameworks */ = {isa = PBXBuildFile; fileRef = D5A6867B1C98C47E000E0E3C /* CoreMedia.framework */; };
		D5A6867E1C98C48C000E0E3C /* CoreTelephony.framework in Frameworks */ = {isa = PBXBuildFile; fileRef = D5A6867D1C98C48C000E0E3C /* CoreTelephony.framework */; };
		D5A686801C98C496000E0E3C /* EventKit.framework in Frameworks */ = {isa = PBXBuildFile; fileRef = D5A6867F1C98C496000E0E3C /* EventKit.framework */; };
		D5A686821C98C49D000E0E3C /* EventKitUI.framework in Frameworks */ = {isa = PBXBuildFile; fileRef = D5A686811C98C49D000E0E3C /* EventKitUI.framework */; };
		D5A686841C98C4A3000E0E3C /* MessageUI.framework in Frameworks */ = {isa = PBXBuildFile; fileRef = D5A686831C98C4A3000E0E3C /* MessageUI.framework */; };
		D5A686861C98C4AA000E0E3C /* StoreKit.framework in Frameworks */ = {isa = PBXBuildFile; fileRef = D5A686851C98C4AA000E0E3C /* StoreKit.framework */; };
		D5A686881C98C4B2000E0E3C /* SystemConfiguration.framework in Frameworks */ = {isa = PBXBuildFile; fileRef = D5A686871C98C4B2000E0E3C /* SystemConfiguration.framework */; };
		D5A686A21C98C892000E0E3C /* IOSCPPHelper.mm in Sources */ = {isa = PBXBuildFile; fileRef = D5A686981C98C892000E0E3C /* IOSCPPHelper.mm */; };
		D5A686A31C98C892000E0E3C /* IOSHelper.m in Sources */ = {isa = PBXBuildFile; fileRef = D5A6869C1C98C892000E0E3C /* IOSHelper.m */; };
		D5A686A41C98C892000E0E3C /* IOSResults.mm in Sources */ = {isa = PBXBuildFile; fileRef = D5A6869E1C98C892000E0E3C /* IOSResults.mm */; };
		D5A686A51C98C892000E0E3C /* SonarFrameworks.cpp in Sources */ = {isa = PBXBuildFile; fileRef = D5A686A01C98C892000E0E3C /* SonarFrameworks.cpp */; };
		D5A9CEA21C9C513D00C025C4 /* menu.mp3 in Resources */ = {isa = PBXBuildFile; fileRef = D5A9CEA01C9C513D00C025C4 /* menu.mp3 */; };
		D5A9CEA31C9C513D00C025C4 /* gameplay.mp3 in Resources */ = {isa = PBXBuildFile; fileRef = D5A9CEA11C9C513D00C025C4 /* gameplay.mp3 */; };
		D5BDF2E91B8647EF002A11C2 /* MainMenuLayer.cpp in Sources */ = {isa = PBXBuildFile; fileRef = D5BDF2E81B8647EF002A11C2 /* MainMenuLayer.cpp */; };
		D5BDF2EA1B8647EF002A11C2 /* MainMenuLayer.cpp in Sources */ = {isa = PBXBuildFile; fileRef = D5BDF2E81B8647EF002A11C2 /* MainMenuLayer.cpp */; };
		D5BDFD141B8FB5000031AE1B /* LayerTwo.cpp in Sources */ = {isa = PBXBuildFile; fileRef = D5BDFD121B8FB5000031AE1B /* LayerTwo.cpp */; };
		D5BDFD151B8FB5000031AE1B /* LayerTwo.cpp in Sources */ = {isa = PBXBuildFile; fileRef = D5BDFD121B8FB5000031AE1B /* LayerTwo.cpp */; };
		D5BDFD181B8FCAC70031AE1B /* LayerGround.cpp in Sources */ = {isa = PBXBuildFile; fileRef = D5BDFD161B8FCAC70031AE1B /* LayerGround.cpp */; };
		D5BDFD191B8FCAC70031AE1B /* LayerGround.cpp in Sources */ = {isa = PBXBuildFile; fileRef = D5BDFD161B8FCAC70031AE1B /* LayerGround.cpp */; };
		D5F078651C1DDB0800ACB5A1 /* SoundManager.cpp in Sources */ = {isa = PBXBuildFile; fileRef = D5F078631C1DDB0800ACB5A1 /* SoundManager.cpp */; };
		D5F078661C1DDB0800ACB5A1 /* SoundManager.cpp in Sources */ = {isa = PBXBuildFile; fileRef = D5F078631C1DDB0800ACB5A1 /* SoundManager.cpp */; };
		D5F0786D1C2EB67D00ACB5A1 /* ScrollingLayerBase.cpp in Sources */ = {isa = PBXBuildFile; fileRef = D5F0786B1C2EB67D00ACB5A1 /* ScrollingLayerBase.cpp */; };
		D5F0786E1C2EB67D00ACB5A1 /* ScrollingLayerBase.cpp in Sources */ = {isa = PBXBuildFile; fileRef = D5F0786B1C2EB67D00ACB5A1 /* ScrollingLayerBase.cpp */; };
		D6B0611B1803AB670077942B /* CoreMotion.framework in Frameworks */ = {isa = PBXBuildFile; fileRef = D6B0611A1803AB670077942B /* CoreMotion.framework */; };
/* End PBXBuildFile section */

/* Begin PBXContainerItemProxy section */
		1AC6FAF8180E9839004C840B /* PBXContainerItemProxy */ = {
			isa = PBXContainerItemProxy;
			containerPortal = 1AC6FAE5180E9839004C840B /* cocos2d_libs.xcodeproj */;
			proxyType = 2;
			remoteGlobalIDString = 1551A33F158F2AB200E66CFE;
			remoteInfo = "cocos2dx Mac";
		};
		1AC6FB06180E9839004C840B /* PBXContainerItemProxy */ = {
			isa = PBXContainerItemProxy;
			containerPortal = 1AC6FAE5180E9839004C840B /* cocos2d_libs.xcodeproj */;
			proxyType = 2;
			remoteGlobalIDString = A07A4D641783777C0073F6A7;
			remoteInfo = "cocos2dx iOS";
		};
		1AC6FB15180E9959004C840B /* PBXContainerItemProxy */ = {
			isa = PBXContainerItemProxy;
			containerPortal = 1AC6FAE5180E9839004C840B /* cocos2d_libs.xcodeproj */;
			proxyType = 1;
			remoteGlobalIDString = 1551A33E158F2AB200E66CFE;
			remoteInfo = "cocos2dx Mac";
		};
		1AC6FB24180E99E1004C840B /* PBXContainerItemProxy */ = {
			isa = PBXContainerItemProxy;
			containerPortal = 1AC6FAE5180E9839004C840B /* cocos2d_libs.xcodeproj */;
			proxyType = 1;
			remoteGlobalIDString = A07A4C241783777C0073F6A7;
			remoteInfo = "cocos2dx iOS";
		};
/* End PBXContainerItemProxy section */

/* Begin PBXFileReference section */
		1AC6FAE5180E9839004C840B /* cocos2d_libs.xcodeproj */ = {isa = PBXFileReference; lastKnownFileType = "wrapper.pb-project"; name = cocos2d_libs.xcodeproj; path = ../cocos2d/build/cocos2d_libs.xcodeproj; sourceTree = "<group>"; };
		1ACB3243164770DE00914215 /* libcurl.a */ = {isa = PBXFileReference; lastKnownFileType = archive.ar; name = libcurl.a; path = ../../cocos2dx/platform/third_party/ios/libraries/libcurl.a; sourceTree = "<group>"; };
		1D30AB110D05D00D00671497 /* Foundation.framework */ = {isa = PBXFileReference; lastKnownFileType = wrapper.framework; name = Foundation.framework; path = System/Library/Frameworks/Foundation.framework; sourceTree = SDKROOT; };
		1D6058910D05DD3D006BFB54 /* ChickenJump iOS.app */ = {isa = PBXFileReference; explicitFileType = wrapper.application; includeInIndex = 0; path = "ChickenJump iOS.app"; sourceTree = BUILT_PRODUCTS_DIR; };
		1DF5F4DF0D08C38300B7A737 /* UIKit.framework */ = {isa = PBXFileReference; lastKnownFileType = wrapper.framework; name = UIKit.framework; path = System/Library/Frameworks/UIKit.framework; sourceTree = SDKROOT; };
		288765A40DF7441C002DB57D /* CoreGraphics.framework */ = {isa = PBXFileReference; lastKnownFileType = wrapper.framework; name = CoreGraphics.framework; path = System/Library/Frameworks/CoreGraphics.framework; sourceTree = SDKROOT; };
		3EACC98E19EE6D4300EB3C5E /* res */ = {isa = PBXFileReference; lastKnownFileType = folder; path = res; sourceTree = "<group>"; };
		46880B8419C43A87006E1F66 /* AppDelegate.cpp */ = {isa = PBXFileReference; fileEncoding = 4; lastKnownFileType = sourcecode.cpp.cpp; path = AppDelegate.cpp; sourceTree = "<group>"; };
		46880B8519C43A87006E1F66 /* AppDelegate.h */ = {isa = PBXFileReference; fileEncoding = 4; lastKnownFileType = sourcecode.c.h; path = AppDelegate.h; sourceTree = "<group>"; };
		503AE0F617EB97AB00D1A890 /* Icon.icns */ = {isa = PBXFileReference; lastKnownFileType = image.icns; path = Icon.icns; sourceTree = "<group>"; };
		503AE0F717EB97AB00D1A890 /* Info.plist */ = {isa = PBXFileReference; fileEncoding = 4; lastKnownFileType = text.plist.xml; path = Info.plist; sourceTree = "<group>"; };
		503AE0FA17EB989F00D1A890 /* AppController.h */ = {isa = PBXFileReference; fileEncoding = 4; lastKnownFileType = sourcecode.c.h; name = AppController.h; path = ios/AppController.h; sourceTree = SOURCE_ROOT; };
		503AE0FB17EB989F00D1A890 /* AppController.mm */ = {isa = PBXFileReference; fileEncoding = 4; lastKnownFileType = sourcecode.cpp.objcpp; name = AppController.mm; path = ios/AppController.mm; sourceTree = SOURCE_ROOT; };
		503AE0FC17EB989F00D1A890 /* main.m */ = {isa = PBXFileReference; fileEncoding = 4; lastKnownFileType = sourcecode.c.objc; name = main.m; path = ios/main.m; sourceTree = SOURCE_ROOT; };
		503AE0FD17EB989F00D1A890 /* Prefix.pch */ = {isa = PBXFileReference; fileEncoding = 4; lastKnownFileType = sourcecode.c.h; name = Prefix.pch; path = ios/Prefix.pch; sourceTree = SOURCE_ROOT; };
		503AE0FE17EB989F00D1A890 /* RootViewController.h */ = {isa = PBXFileReference; fileEncoding = 4; lastKnownFileType = sourcecode.c.h; name = RootViewController.h; path = ios/RootViewController.h; sourceTree = SOURCE_ROOT; };
		503AE0FF17EB989F00D1A890 /* RootViewController.mm */ = {isa = PBXFileReference; fileEncoding = 4; lastKnownFileType = sourcecode.cpp.objcpp; name = RootViewController.mm; path = ios/RootViewController.mm; sourceTree = SOURCE_ROOT; };
		503AE10317EB98FF00D1A890 /* main.cpp */ = {isa = PBXFileReference; fileEncoding = 4; lastKnownFileType = sourcecode.cpp.cpp; name = main.cpp; path = mac/main.cpp; sourceTree = "<group>"; };
		503AE10417EB98FF00D1A890 /* Prefix.pch */ = {isa = PBXFileReference; fileEncoding = 4; lastKnownFileType = sourcecode.c.h; name = Prefix.pch; path = mac/Prefix.pch; sourceTree = "<group>"; };
		503AE11117EB99EE00D1A890 /* libcurl.dylib */ = {isa = PBXFileReference; lastKnownFileType = "compiled.mach-o.dylib"; name = libcurl.dylib; path = usr/lib/libcurl.dylib; sourceTree = SDKROOT; };
		503AE11A17EB9C5A00D1A890 /* IOKit.framework */ = {isa = PBXFileReference; lastKnownFileType = wrapper.framework; name = IOKit.framework; path = System/Library/Frameworks/IOKit.framework; sourceTree = SDKROOT; };
		5087E76F17EB910900C73F5D /* ChickenJump Mac.app */ = {isa = PBXFileReference; explicitFileType = wrapper.application; includeInIndex = 0; path = "ChickenJump Mac.app"; sourceTree = BUILT_PRODUCTS_DIR; };
		5087E77217EB970100C73F5D /* Default-568h@2x.png */ = {isa = PBXFileReference; lastKnownFileType = image.png; path = "Default-568h@2x.png"; sourceTree = "<group>"; };
		5087E77317EB970100C73F5D /* Default.png */ = {isa = PBXFileReference; lastKnownFileType = image.png; path = Default.png; sourceTree = "<group>"; };
		5087E77417EB970100C73F5D /* Default@2x.png */ = {isa = PBXFileReference; lastKnownFileType = image.png; path = "Default@2x.png"; sourceTree = "<group>"; };
		5087E77517EB970100C73F5D /* Icon-114.png */ = {isa = PBXFileReference; lastKnownFileType = image.png; path = "Icon-114.png"; sourceTree = "<group>"; };
		5087E77617EB970100C73F5D /* Icon-120.png */ = {isa = PBXFileReference; lastKnownFileType = image.png; path = "Icon-120.png"; sourceTree = "<group>"; };
		5087E77717EB970100C73F5D /* Icon-144.png */ = {isa = PBXFileReference; lastKnownFileType = image.png; path = "Icon-144.png"; sourceTree = "<group>"; };
		5087E77817EB970100C73F5D /* Icon-152.png */ = {isa = PBXFileReference; lastKnownFileType = image.png; path = "Icon-152.png"; sourceTree = "<group>"; };
		5087E77917EB970100C73F5D /* Icon-57.png */ = {isa = PBXFileReference; lastKnownFileType = image.png; path = "Icon-57.png"; sourceTree = "<group>"; };
		5087E77A17EB970100C73F5D /* Icon-72.png */ = {isa = PBXFileReference; lastKnownFileType = image.png; path = "Icon-72.png"; sourceTree = "<group>"; };
		5087E77B17EB970100C73F5D /* Icon-76.png */ = {isa = PBXFileReference; lastKnownFileType = image.png; path = "Icon-76.png"; sourceTree = "<group>"; };
		5087E77C17EB970100C73F5D /* Info.plist */ = {isa = PBXFileReference; fileEncoding = 4; lastKnownFileType = text.plist.xml; path = Info.plist; sourceTree = "<group>"; };
		5087E78817EB974C00C73F5D /* AppKit.framework */ = {isa = PBXFileReference; lastKnownFileType = wrapper.framework; name = AppKit.framework; path = System/Library/Frameworks/AppKit.framework; sourceTree = SDKROOT; };
		5087E78A17EB975400C73F5D /* OpenGL.framework */ = {isa = PBXFileReference; lastKnownFileType = wrapper.framework; name = OpenGL.framework; path = System/Library/Frameworks/OpenGL.framework; sourceTree = SDKROOT; };
		50EF629217ECD46A001EB2F8 /* Icon-40.png */ = {isa = PBXFileReference; lastKnownFileType = image.png; path = "Icon-40.png"; sourceTree = "<group>"; };
		50EF629317ECD46A001EB2F8 /* Icon-58.png */ = {isa = PBXFileReference; lastKnownFileType = image.png; path = "Icon-58.png"; sourceTree = "<group>"; };
		50EF629417ECD46A001EB2F8 /* Icon-80.png */ = {isa = PBXFileReference; lastKnownFileType = image.png; path = "Icon-80.png"; sourceTree = "<group>"; };
		50EF629517ECD46A001EB2F8 /* Icon-100.png */ = {isa = PBXFileReference; lastKnownFileType = image.png; path = "Icon-100.png"; sourceTree = "<group>"; };
		50EF62A017ECD613001EB2F8 /* Icon-29.png */ = {isa = PBXFileReference; lastKnownFileType = image.png; path = "Icon-29.png"; sourceTree = "<group>"; };
		50EF62A117ECD613001EB2F8 /* Icon-50.png */ = {isa = PBXFileReference; lastKnownFileType = image.png; path = "Icon-50.png"; sourceTree = "<group>"; };
		521A8E6219F0C34300D177D7 /* Default-667h@2x.png */ = {isa = PBXFileReference; lastKnownFileType = image.png; path = "Default-667h@2x.png"; sourceTree = "<group>"; };
		521A8E6319F0C34300D177D7 /* Default-736h@3x.png */ = {isa = PBXFileReference; lastKnownFileType = image.png; path = "Default-736h@3x.png"; sourceTree = "<group>"; };
		521A8EA819F11F5000D177D7 /* fonts */ = {isa = PBXFileReference; lastKnownFileType = folder; path = fonts; sourceTree = "<group>"; };
		52B47A461A53D09B004E4C60 /* Security.framework */ = {isa = PBXFileReference; lastKnownFileType = wrapper.framework; name = Security.framework; path = Platforms/iPhoneOS.platform/Developer/SDKs/iPhoneOS8.1.sdk/System/Library/Frameworks/Security.framework; sourceTree = DEVELOPER_DIR; };
		8262943D1AAF051F00CB7CF7 /* Security.framework */ = {isa = PBXFileReference; lastKnownFileType = wrapper.framework; name = Security.framework; path = System/Library/Frameworks/Security.framework; sourceTree = SDKROOT; };
		BF170DB012928DE900B8313A /* OpenGLES.framework */ = {isa = PBXFileReference; lastKnownFileType = wrapper.framework; name = OpenGLES.framework; path = System/Library/Frameworks/OpenGLES.framework; sourceTree = SDKROOT; };
		BF170DB412928DE900B8313A /* libz.dylib */ = {isa = PBXFileReference; lastKnownFileType = "compiled.mach-o.dylib"; name = libz.dylib; path = usr/lib/libz.dylib; sourceTree = SDKROOT; };
		BF1C47EA1293683800B63C5D /* QuartzCore.framework */ = {isa = PBXFileReference; lastKnownFileType = wrapper.framework; name = QuartzCore.framework; path = System/Library/Frameworks/QuartzCore.framework; sourceTree = SDKROOT; };
		D44C620B132DFF330009C878 /* OpenAL.framework */ = {isa = PBXFileReference; lastKnownFileType = wrapper.framework; name = OpenAL.framework; path = System/Library/Frameworks/OpenAL.framework; sourceTree = SDKROOT; };
		D44C620D132DFF430009C878 /* AVFoundation.framework */ = {isa = PBXFileReference; lastKnownFileType = wrapper.framework; name = AVFoundation.framework; path = System/Library/Frameworks/AVFoundation.framework; sourceTree = SDKROOT; };
		D44C620F132DFF4E0009C878 /* AudioToolbox.framework */ = {isa = PBXFileReference; lastKnownFileType = wrapper.framework; name = AudioToolbox.framework; path = System/Library/Frameworks/AudioToolbox.framework; sourceTree = SDKROOT; };
		D51B37831BB2095D005A5976 /* ScoreHUD.cpp */ = {isa = PBXFileReference; fileEncoding = 4; lastKnownFileType = sourcecode.cpp.cpp; path = ScoreHUD.cpp; sourceTree = "<group>"; };
		D51B37841BB2095D005A5976 /* ScoreHUD.h */ = {isa = PBXFileReference; fileEncoding = 4; lastKnownFileType = sourcecode.c.h; path = ScoreHUD.h; sourceTree = "<group>"; };
		D51C96061C93693D00081741 /* CreditLayer.h */ = {isa = PBXFileReference; fileEncoding = 4; lastKnownFileType = sourcecode.c.h; path = CreditLayer.h; sourceTree = "<group>"; };
		D51C96071C93693D00081741 /* CreditLayer.cpp */ = {isa = PBXFileReference; fileEncoding = 4; lastKnownFileType = sourcecode.cpp.cpp; path = CreditLayer.cpp; sourceTree = "<group>"; };
		D5253ABA1B088B0500AFC291 /* blank.png */ = {isa = PBXFileReference; lastKnownFileType = image.png; path = blank.png; sourceTree = "<group>"; };
		D528C11B1C7D155B00BDCB41 /* Images.xcassets */ = {isa = PBXFileReference; lastKnownFileType = folder.assetcatalog; name = Images.xcassets; path = "ChickenJump iOS/Images.xcassets"; sourceTree = SOURCE_ROOT; };
		D52BDA021B864CBE0049A538 /* SplashScreenLayer.cpp */ = {isa = PBXFileReference; fileEncoding = 4; lastKnownFileType = sourcecode.cpp.cpp; path = SplashScreenLayer.cpp; sourceTree = "<group>"; };
		D52BDA031B864CBE0049A538 /* SplashScreenLayer.h */ = {isa = PBXFileReference; fileEncoding = 4; lastKnownFileType = sourcecode.c.h; path = SplashScreenLayer.h; sourceTree = "<group>"; };
		D52BDA061B864E8E0049A538 /* GameLayer.cpp */ = {isa = PBXFileReference; fileEncoding = 4; lastKnownFileType = sourcecode.cpp.cpp; path = GameLayer.cpp; sourceTree = "<group>"; };
		D52BDA071B864E8E0049A538 /* GameLayer.h */ = {isa = PBXFileReference; fileEncoding = 4; lastKnownFileType = sourcecode.c.h; path = GameLayer.h; sourceTree = "<group>"; };
		D52BDA0A1B8651CC0049A538 /* GameOverHUD.cpp */ = {isa = PBXFileReference; fileEncoding = 4; lastKnownFileType = sourcecode.cpp.cpp; path = GameOverHUD.cpp; sourceTree = "<group>"; };
		D52BDA0B1B8651CC0049A538 /* GameOverHUD.h */ = {isa = PBXFileReference; fileEncoding = 4; lastKnownFileType = sourcecode.c.h; path = GameOverHUD.h; sourceTree = "<group>"; };
		D52BDA0E1B8676250049A538 /* Constants.h */ = {isa = PBXFileReference; fileEncoding = 4; lastKnownFileType = sourcecode.c.h; path = Constants.h; sourceTree = "<group>"; };
		D52BDA411B8A66270049A538 /* LayerBackground.cpp */ = {isa = PBXFileReference; fileEncoding = 4; lastKnownFileType = sourcecode.cpp.cpp; path = LayerBackground.cpp; sourceTree = "<group>"; };
		D52BDA421B8A66270049A538 /* LayerBackground.h */ = {isa = PBXFileReference; fileEncoding = 4; lastKnownFileType = sourcecode.c.h; path = LayerBackground.h; sourceTree = "<group>"; };
		D52BDA451B8A94000049A538 /* Collectable.cpp */ = {isa = PBXFileReference; fileEncoding = 4; lastKnownFileType = sourcecode.cpp.cpp; path = Collectable.cpp; sourceTree = "<group>"; };
		D52BDA461B8A94000049A538 /* Collectable.h */ = {isa = PBXFileReference; fileEncoding = 4; lastKnownFileType = sourcecode.c.h; path = Collectable.h; sourceTree = "<group>"; };
		D52C3BBB1BAF550E001F0205 /* PauseHUD.cpp */ = {isa = PBXFileReference; fileEncoding = 4; lastKnownFileType = sourcecode.cpp.cpp; path = PauseHUD.cpp; sourceTree = "<group>"; };
		D52C3BBC1BAF550E001F0205 /* PauseHUD.h */ = {isa = PBXFileReference; fileEncoding = 4; lastKnownFileType = sourcecode.c.h; path = PauseHUD.h; sourceTree = "<group>"; };
		D536C9E31C024E970046C82B /* HomeLayer.cpp */ = {isa = PBXFileReference; fileEncoding = 4; lastKnownFileType = sourcecode.cpp.cpp; path = HomeLayer.cpp; sourceTree = "<group>"; };
		D536C9E41C024E970046C82B /* HomeLayer.h */ = {isa = PBXFileReference; fileEncoding = 4; lastKnownFileType = sourcecode.c.h; path = HomeLayer.h; sourceTree = "<group>"; };
		D536C9E71C02E81A0046C82B /* Stage.cpp */ = {isa = PBXFileReference; fileEncoding = 4; lastKnownFileType = sourcecode.cpp.cpp; path = Stage.cpp; sourceTree = "<group>"; };
		D536C9E81C02E81A0046C82B /* Stage.h */ = {isa = PBXFileReference; fileEncoding = 4; lastKnownFileType = sourcecode.c.h; path = Stage.h; sourceTree = "<group>"; };
		D536C9EB1C03BF5B0046C82B /* StageStatus.h */ = {isa = PBXFileReference; fileEncoding = 4; lastKnownFileType = sourcecode.c.h; path = StageStatus.h; sourceTree = "<group>"; };
		D536C9EC1C03BF660046C82B /* StageStatus.cpp */ = {isa = PBXFileReference; fileEncoding = 4; lastKnownFileType = sourcecode.cpp.cpp; path = StageStatus.cpp; sourceTree = "<group>"; };
		D53DBEC61BA89FC4001A812F /* resource_hd */ = {isa = PBXFileReference; lastKnownFileType = folder; path = resource_hd; sourceTree = "<group>"; };
		D53DBEC71BA89FC4001A812F /* resource_hd2 */ = {isa = PBXFileReference; lastKnownFileType = folder; path = resource_hd2; sourceTree = "<group>"; };
		D53DBEC81BA89FC4001A812F /* resource_sd */ = {isa = PBXFileReference; lastKnownFileType = folder; path = resource_sd; sourceTree = "<group>"; };
		D5548C181C0CEAA000C1C86C /* FloatingChicken.cpp */ = {isa = PBXFileReference; fileEncoding = 4; lastKnownFileType = sourcecode.cpp.cpp; path = FloatingChicken.cpp; sourceTree = "<group>"; };
		D5548C191C0CEAA000C1C86C /* FloatingChicken.h */ = {isa = PBXFileReference; fileEncoding = 4; lastKnownFileType = sourcecode.c.h; path = FloatingChicken.h; sourceTree = "<group>"; };
		D5548C1C1C13003900C1C86C /* explosion.wav */ = {isa = PBXFileReference; lastKnownFileType = audio.wav; path = explosion.wav; sourceTree = "<group>"; };
		D5548C271C143DDA00C1C86C /* SpecialCollectable.cpp */ = {isa = PBXFileReference; fileEncoding = 4; lastKnownFileType = sourcecode.cpp.cpp; path = SpecialCollectable.cpp; sourceTree = "<group>"; };
		D5548C281C143DDA00C1C86C /* SpecialCollectable.h */ = {isa = PBXFileReference; fileEncoding = 4; lastKnownFileType = sourcecode.c.h; path = SpecialCollectable.h; sourceTree = "<group>"; };
		D5548C2B1C147BD900C1C86C /* lifeup.wav */ = {isa = PBXFileReference; lastKnownFileType = audio.wav; path = lifeup.wav; sourceTree = "<group>"; };
		D5548C2E1C147E2900C1C86C /* dead.wav */ = {isa = PBXFileReference; lastKnownFileType = audio.wav; path = dead.wav; sourceTree = "<group>"; };
		D5548C311C1481FA00C1C86C /* pickup_coin.wav */ = {isa = PBXFileReference; lastKnownFileType = audio.wav; path = pickup_coin.wav; sourceTree = "<group>"; };
		D5548C341C17765D00C1C86C /* SettingsMenuHUD.cpp */ = {isa = PBXFileReference; fileEncoding = 4; lastKnownFileType = sourcecode.cpp.cpp; path = SettingsMenuHUD.cpp; sourceTree = "<group>"; };
		D5548C351C17765D00C1C86C /* SettingsMenuHUD.h */ = {isa = PBXFileReference; fileEncoding = 4; lastKnownFileType = sourcecode.c.h; path = SettingsMenuHUD.h; sourceTree = "<group>"; };
		D5548C381C1B7CF600C1C86C /* BackButton.cpp */ = {isa = PBXFileReference; fileEncoding = 4; lastKnownFileType = sourcecode.cpp.cpp; path = BackButton.cpp; sourceTree = "<group>"; };
		D5548C391C1B7CF600C1C86C /* BackButton.h */ = {isa = PBXFileReference; fileEncoding = 4; lastKnownFileType = sourcecode.c.h; path = BackButton.h; sourceTree = "<group>"; };
		D575334A1C583A7500E4C350 /* win.wav */ = {isa = PBXFileReference; lastKnownFileType = audio.wav; path = win.wav; sourceTree = "<group>"; };
		D575D0F31B94DD0D0082D427 /* Trampoline.cpp */ = {isa = PBXFileReference; fileEncoding = 4; lastKnownFileType = sourcecode.cpp.cpp; path = Trampoline.cpp; sourceTree = "<group>"; };
		D575D0F41B94DD0D0082D427 /* Trampoline.h */ = {isa = PBXFileReference; fileEncoding = 4; lastKnownFileType = sourcecode.c.h; path = Trampoline.h; sourceTree = "<group>"; };
		D57CF0321B996DD600987F3E /* jump.wav */ = {isa = PBXFileReference; lastKnownFileType = audio.wav; path = jump.wav; sourceTree = "<group>"; };
		D59103D21B8BA5D5005E5CD9 /* Chicken.cpp */ = {isa = PBXFileReference; fileEncoding = 4; lastKnownFileType = sourcecode.cpp.cpp; path = Chicken.cpp; sourceTree = "<group>"; };
		D59103D31B8BA5D5005E5CD9 /* Chicken.h */ = {isa = PBXFileReference; fileEncoding = 4; lastKnownFileType = sourcecode.c.h; path = Chicken.h; sourceTree = "<group>"; };
		D59103D51B8BC1A5005E5CD9 /* Cloud.cpp */ = {isa = PBXFileReference; fileEncoding = 4; lastKnownFileType = sourcecode.cpp.cpp; path = Cloud.cpp; sourceTree = "<group>"; };
		D59103D61B8BC1A5005E5CD9 /* Cloud.h */ = {isa = PBXFileReference; fileEncoding = 4; lastKnownFileType = sourcecode.c.h; path = Cloud.h; sourceTree = "<group>"; };
		D5A686771C98C3CE000E0E3C /* GoogleMobileAds.framework */ = {isa = PBXFileReference; lastKnownFileType = wrapper.framework; name = GoogleMobileAds.framework; path = ios/GoogleMobileAds.framework; sourceTree = SOURCE_ROOT; };
		D5A686791C98C444000E0E3C /* AdSupport.framework */ = {isa = PBXFileReference; lastKnownFileType = wrapper.framework; name = AdSupport.framework; path = Platforms/iPhoneOS.platform/Developer/SDKs/iPhoneOS9.2.sdk/System/Library/Frameworks/AdSupport.framework; sourceTree = DEVELOPER_DIR; };
		D5A6867B1C98C47E000E0E3C /* CoreMedia.framework */ = {isa = PBXFileReference; lastKnownFileType = wrapper.framework; name = CoreMedia.framework; path = Platforms/iPhoneOS.platform/Developer/SDKs/iPhoneOS9.2.sdk/System/Library/Frameworks/CoreMedia.framework; sourceTree = DEVELOPER_DIR; };
		D5A6867D1C98C48C000E0E3C /* CoreTelephony.framework */ = {isa = PBXFileReference; lastKnownFileType = wrapper.framework; name = CoreTelephony.framework; path = Platforms/iPhoneOS.platform/Developer/SDKs/iPhoneOS9.2.sdk/System/Library/Frameworks/CoreTelephony.framework; sourceTree = DEVELOPER_DIR; };
		D5A6867F1C98C496000E0E3C /* EventKit.framework */ = {isa = PBXFileReference; lastKnownFileType = wrapper.framework; name = EventKit.framework; path = Platforms/iPhoneOS.platform/Developer/SDKs/iPhoneOS9.2.sdk/System/Library/Frameworks/EventKit.framework; sourceTree = DEVELOPER_DIR; };
		D5A686811C98C49D000E0E3C /* EventKitUI.framework */ = {isa = PBXFileReference; lastKnownFileType = wrapper.framework; name = EventKitUI.framework; path = Platforms/iPhoneOS.platform/Developer/SDKs/iPhoneOS9.2.sdk/System/Library/Frameworks/EventKitUI.framework; sourceTree = DEVELOPER_DIR; };
		D5A686831C98C4A3000E0E3C /* MessageUI.framework */ = {isa = PBXFileReference; lastKnownFileType = wrapper.framework; name = MessageUI.framework; path = Platforms/iPhoneOS.platform/Developer/SDKs/iPhoneOS9.2.sdk/System/Library/Frameworks/MessageUI.framework; sourceTree = DEVELOPER_DIR; };
		D5A686851C98C4AA000E0E3C /* StoreKit.framework */ = {isa = PBXFileReference; lastKnownFileType = wrapper.framework; name = StoreKit.framework; path = Platforms/iPhoneOS.platform/Developer/SDKs/iPhoneOS9.2.sdk/System/Library/Frameworks/StoreKit.framework; sourceTree = DEVELOPER_DIR; };
		D5A686871C98C4B2000E0E3C /* SystemConfiguration.framework */ = {isa = PBXFileReference; lastKnownFileType = wrapper.framework; name = SystemConfiguration.framework; path = Platforms/iPhoneOS.platform/Developer/SDKs/iPhoneOS9.2.sdk/System/Library/Frameworks/SystemConfiguration.framework; sourceTree = DEVELOPER_DIR; };
		D5A686981C98C892000E0E3C /* IOSCPPHelper.mm */ = {isa = PBXFileReference; fileEncoding = 4; lastKnownFileType = sourcecode.cpp.objcpp; name = IOSCPPHelper.mm; path = SonarFrameworks/IOSCPPHelper.mm; sourceTree = "<group>"; };
		D5A686991C98C892000E0E3C /* SCHSettings.h */ = {isa = PBXFileReference; fileEncoding = 4; lastKnownFileType = sourcecode.c.h; name = SCHSettings.h; path = SonarFrameworks/SCHSettings.h; sourceTree = "<group>"; };
		D5A6869A1C98C892000E0E3C /* IOSCPPHelper.h */ = {isa = PBXFileReference; fileEncoding = 4; lastKnownFileType = sourcecode.c.h; name = IOSCPPHelper.h; path = SonarFrameworks/IOSCPPHelper.h; sourceTree = "<group>"; };
		D5A6869B1C98C892000E0E3C /* IOSHelper.h */ = {isa = PBXFileReference; fileEncoding = 4; lastKnownFileType = sourcecode.c.h; name = IOSHelper.h; path = SonarFrameworks/IOSHelper.h; sourceTree = "<group>"; };
		D5A6869C1C98C892000E0E3C /* IOSHelper.m */ = {isa = PBXFileReference; fileEncoding = 4; lastKnownFileType = sourcecode.c.objc; name = IOSHelper.m; path = SonarFrameworks/IOSHelper.m; sourceTree = "<group>"; };
		D5A6869D1C98C892000E0E3C /* IOSResults.h */ = {isa = PBXFileReference; fileEncoding = 4; lastKnownFileType = sourcecode.c.h; name = IOSResults.h; path = SonarFrameworks/IOSResults.h; sourceTree = "<group>"; };
		D5A6869E1C98C892000E0E3C /* IOSResults.mm */ = {isa = PBXFileReference; fileEncoding = 4; lastKnownFileType = sourcecode.cpp.objcpp; name = IOSResults.mm; path = SonarFrameworks/IOSResults.mm; sourceTree = "<group>"; };
		D5A6869F1C98C892000E0E3C /* SCHDefinitions.h */ = {isa = PBXFileReference; fileEncoding = 4; lastKnownFileType = sourcecode.c.h; name = SCHDefinitions.h; path = SonarFrameworks/SCHDefinitions.h; sourceTree = "<group>"; };
		D5A686A01C98C892000E0E3C /* SonarFrameworks.cpp */ = {isa = PBXFileReference; fileEncoding = 4; lastKnownFileType = sourcecode.cpp.cpp; name = SonarFrameworks.cpp; path = SonarFrameworks/SonarFrameworks.cpp; sourceTree = "<group>"; };
		D5A686A11C98C892000E0E3C /* SonarFrameworks.h */ = {isa = PBXFileReference; fileEncoding = 4; lastKnownFileType = sourcecode.c.h; name = SonarFrameworks.h; path = SonarFrameworks/SonarFrameworks.h; sourceTree = "<group>"; };
		D5A9CEA01C9C513D00C025C4 /* menu.mp3 */ = {isa = PBXFileReference; lastKnownFileType = audio.mp3; path = menu.mp3; sourceTree = "<group>"; };
		D5A9CEA11C9C513D00C025C4 /* gameplay.mp3 */ = {isa = PBXFileReference; lastKnownFileType = audio.mp3; path = gameplay.mp3; sourceTree = "<group>"; };
		D5BDF2E71B8647EF002A11C2 /* MainMenuLayer.h */ = {isa = PBXFileReference; fileEncoding = 4; lastKnownFileType = sourcecode.c.h; path = MainMenuLayer.h; sourceTree = "<group>"; };
		D5BDF2E81B8647EF002A11C2 /* MainMenuLayer.cpp */ = {isa = PBXFileReference; fileEncoding = 4; lastKnownFileType = sourcecode.cpp.cpp; path = MainMenuLayer.cpp; sourceTree = "<group>"; };
		D5BDFD121B8FB5000031AE1B /* LayerTwo.cpp */ = {isa = PBXFileReference; fileEncoding = 4; lastKnownFileType = sourcecode.cpp.cpp; path = LayerTwo.cpp; sourceTree = "<group>"; };
		D5BDFD131B8FB5000031AE1B /* LayerTwo.h */ = {isa = PBXFileReference; fileEncoding = 4; lastKnownFileType = sourcecode.c.h; path = LayerTwo.h; sourceTree = "<group>"; };
		D5BDFD161B8FCAC70031AE1B /* LayerGround.cpp */ = {isa = PBXFileReference; fileEncoding = 4; lastKnownFileType = sourcecode.cpp.cpp; path = LayerGround.cpp; sourceTree = "<group>"; };
		D5BDFD171B8FCAC70031AE1B /* LayerGround.h */ = {isa = PBXFileReference; fileEncoding = 4; lastKnownFileType = sourcecode.c.h; path = LayerGround.h; sourceTree = "<group>"; };
		D5F078631C1DDB0800ACB5A1 /* SoundManager.cpp */ = {isa = PBXFileReference; fileEncoding = 4; lastKnownFileType = sourcecode.cpp.cpp; path = SoundManager.cpp; sourceTree = "<group>"; };
		D5F078641C1DDB0800ACB5A1 /* SoundManager.h */ = {isa = PBXFileReference; fileEncoding = 4; lastKnownFileType = sourcecode.c.h; path = SoundManager.h; sourceTree = "<group>"; };
		D5F0786B1C2EB67D00ACB5A1 /* ScrollingLayerBase.cpp */ = {isa = PBXFileReference; fileEncoding = 4; lastKnownFileType = sourcecode.cpp.cpp; path = ScrollingLayerBase.cpp; sourceTree = "<group>"; };
		D5F0786C1C2EB67D00ACB5A1 /* ScrollingLayerBase.h */ = {isa = PBXFileReference; fileEncoding = 4; lastKnownFileType = sourcecode.c.h; path = ScrollingLayerBase.h; sourceTree = "<group>"; };
		D6B0611A1803AB670077942B /* CoreMotion.framework */ = {isa = PBXFileReference; lastKnownFileType = wrapper.framework; name = CoreMotion.framework; path = Platforms/iPhoneOS.platform/Developer/SDKs/iPhoneOS7.0.sdk/System/Library/Frameworks/CoreMotion.framework; sourceTree = DEVELOPER_DIR; };
/* End PBXFileReference section */

/* Begin PBXFrameworksBuildPhase section */
		1D60588F0D05DD3D006BFB54 /* Frameworks */ = {
			isa = PBXFrameworksBuildPhase;
			buildActionMask = 2147483647;
			files = (
				D5A686881C98C4B2000E0E3C /* SystemConfiguration.framework in Frameworks */,
				D5A686861C98C4AA000E0E3C /* StoreKit.framework in Frameworks */,
				D5A686841C98C4A3000E0E3C /* MessageUI.framework in Frameworks */,
				D5A686821C98C49D000E0E3C /* EventKitUI.framework in Frameworks */,
				D5A686801C98C496000E0E3C /* EventKit.framework in Frameworks */,
				D5A6867E1C98C48C000E0E3C /* CoreTelephony.framework in Frameworks */,
				D5A6867C1C98C47E000E0E3C /* CoreMedia.framework in Frameworks */,
				D5A6867A1C98C444000E0E3C /* AdSupport.framework in Frameworks */,
				52B47A471A53D09C004E4C60 /* Security.framework in Frameworks */,
				1AC6FB30180E99EB004C840B /* libcocos2d iOS.a in Frameworks */,
				D5A686781C98C3CE000E0E3C /* GoogleMobileAds.framework in Frameworks */,
				D6B0611B1803AB670077942B /* CoreMotion.framework in Frameworks */,
				1D60589F0D05DD5A006BFB54 /* Foundation.framework in Frameworks */,
				1DF5F4E00D08C38300B7A737 /* UIKit.framework in Frameworks */,
				288765A50DF7441C002DB57D /* CoreGraphics.framework in Frameworks */,
				BF171245129291EC00B8313A /* OpenGLES.framework in Frameworks */,
				BF1712471292920000B8313A /* libz.dylib in Frameworks */,
				BF1C47F01293687400B63C5D /* QuartzCore.framework in Frameworks */,
				D44C620C132DFF330009C878 /* OpenAL.framework in Frameworks */,
				D44C620E132DFF430009C878 /* AVFoundation.framework in Frameworks */,
				D44C6210132DFF4E0009C878 /* AudioToolbox.framework in Frameworks */,
			);
			runOnlyForDeploymentPostprocessing = 0;
		};
		5087E75C17EB910900C73F5D /* Frameworks */ = {
			isa = PBXFrameworksBuildPhase;
			buildActionMask = 2147483647;
			files = (
				1AC6FB21180E996B004C840B /* libcocos2d Mac.a in Frameworks */,
				5087E76717EB910900C73F5D /* libz.dylib in Frameworks */,
				8262943E1AAF051F00CB7CF7 /* Security.framework in Frameworks */,
				503AE11B17EB9C5A00D1A890 /* IOKit.framework in Frameworks */,
				5087E78B17EB975400C73F5D /* OpenGL.framework in Frameworks */,
				5087E78917EB974C00C73F5D /* AppKit.framework in Frameworks */,
				5087E76317EB910900C73F5D /* Foundation.framework in Frameworks */,
				5087E76817EB910900C73F5D /* QuartzCore.framework in Frameworks */,
				5087E76917EB910900C73F5D /* OpenAL.framework in Frameworks */,
				5087E76A17EB910900C73F5D /* AVFoundation.framework in Frameworks */,
				5087E76B17EB910900C73F5D /* AudioToolbox.framework in Frameworks */,
			);
			runOnlyForDeploymentPostprocessing = 0;
		};
/* End PBXFrameworksBuildPhase section */

/* Begin PBXGroup section */
		080E96DDFE201D6D7F000001 /* ios */ = {
			isa = PBXGroup;
			children = (
				D5A686771C98C3CE000E0E3C /* GoogleMobileAds.framework */,
				5087E77117EB970100C73F5D /* Icons */,
				503AE0FA17EB989F00D1A890 /* AppController.h */,
				503AE0FB17EB989F00D1A890 /* AppController.mm */,
				503AE0FC17EB989F00D1A890 /* main.m */,
				503AE0FD17EB989F00D1A890 /* Prefix.pch */,
				503AE0FE17EB989F00D1A890 /* RootViewController.h */,
				503AE0FF17EB989F00D1A890 /* RootViewController.mm */,
			);
			name = ios;
			path = Classes;
			sourceTree = "<group>";
		};
		19C28FACFE9D520D11CA2CBB /* Products */ = {
			isa = PBXGroup;
			children = (
				1D6058910D05DD3D006BFB54 /* ChickenJump iOS.app */,
				5087E76F17EB910900C73F5D /* ChickenJump Mac.app */,
			);
			name = Products;
			sourceTree = "<group>";
		};
		1AC6FAE6180E9839004C840B /* Products */ = {
			isa = PBXGroup;
			children = (
				1AC6FAF9180E9839004C840B /* libcocos2d Mac.a */,
				1AC6FB07180E9839004C840B /* libcocos2d iOS.a */,
			);
			name = Products;
			sourceTree = "<group>";
		};
		29B97314FDCFA39411CA2CEA /* CustomTemplate */ = {
			isa = PBXGroup;
			children = (
				46880B8319C43A87006E1F66 /* Classes */,
				46880B7519C43A67006E1F66 /* Resources */,
				1AC6FAE5180E9839004C840B /* cocos2d_libs.xcodeproj */,
				29B97323FDCFA39411CA2CEA /* Frameworks */,
				080E96DDFE201D6D7F000001 /* ios */,
				503AE10617EB990700D1A890 /* mac */,
				19C28FACFE9D520D11CA2CBB /* Products */,
			);
			name = CustomTemplate;
			sourceTree = "<group>";
		};
		29B97323FDCFA39411CA2CEA /* Frameworks */ = {
			isa = PBXGroup;
			children = (
				D5A686871C98C4B2000E0E3C /* SystemConfiguration.framework */,
				D5A686851C98C4AA000E0E3C /* StoreKit.framework */,
				D5A686831C98C4A3000E0E3C /* MessageUI.framework */,
				D5A686811C98C49D000E0E3C /* EventKitUI.framework */,
				D5A6867F1C98C496000E0E3C /* EventKit.framework */,
				D5A6867D1C98C48C000E0E3C /* CoreTelephony.framework */,
				D5A6867B1C98C47E000E0E3C /* CoreMedia.framework */,
				D5A686791C98C444000E0E3C /* AdSupport.framework */,
				8262943D1AAF051F00CB7CF7 /* Security.framework */,
				52B47A461A53D09B004E4C60 /* Security.framework */,
				D6B0611A1803AB670077942B /* CoreMotion.framework */,
				503AE11A17EB9C5A00D1A890 /* IOKit.framework */,
				503AE11117EB99EE00D1A890 /* libcurl.dylib */,
				5087E78A17EB975400C73F5D /* OpenGL.framework */,
				5087E78817EB974C00C73F5D /* AppKit.framework */,
				1ACB3243164770DE00914215 /* libcurl.a */,
				BF170DB412928DE900B8313A /* libz.dylib */,
				D44C620F132DFF4E0009C878 /* AudioToolbox.framework */,
				D44C620D132DFF430009C878 /* AVFoundation.framework */,
				288765A40DF7441C002DB57D /* CoreGraphics.framework */,
				1D30AB110D05D00D00671497 /* Foundation.framework */,
				D44C620B132DFF330009C878 /* OpenAL.framework */,
				BF170DB012928DE900B8313A /* OpenGLES.framework */,
				BF1C47EA1293683800B63C5D /* QuartzCore.framework */,
				1DF5F4DF0D08C38300B7A737 /* UIKit.framework */,
			);
			name = Frameworks;
			sourceTree = "<group>";
		};
		46880B7519C43A67006E1F66 /* Resources */ = {
			isa = PBXGroup;
			children = (
				D528C11B1C7D155B00BDCB41 /* Images.xcassets */,
				D5A9CEA01C9C513D00C025C4 /* menu.mp3 */,
				D5A9CEA11C9C513D00C025C4 /* gameplay.mp3 */,
				D5548C1C1C13003900C1C86C /* explosion.wav */,
				D5548C2E1C147E2900C1C86C /* dead.wav */,
				D57CF0321B996DD600987F3E /* jump.wav */,
				D5548C2B1C147BD900C1C86C /* lifeup.wav */,
				D5548C311C1481FA00C1C86C /* pickup_coin.wav */,
				D575334A1C583A7500E4C350 /* win.wav */,
				D5253ABA1B088B0500AFC291 /* blank.png */,
				521A8EA819F11F5000D177D7 /* fonts */,
				3EACC98E19EE6D4300EB3C5E /* res */,
				D53DBEC61BA89FC4001A812F /* resource_hd */,
				D53DBEC71BA89FC4001A812F /* resource_hd2 */,
				D53DBEC81BA89FC4001A812F /* resource_sd */,
			);
			name = Resources;
			path = ../Resources;
			sourceTree = "<group>";
		};
		46880B8319C43A87006E1F66 /* Classes */ = {
			isa = PBXGroup;
			children = (
				D5A686891C98C7BC000E0E3C /* SonarFrameworks */,
				D52BDA0E1B8676250049A538 /* Constants.h */,
				D5F078641C1DDB0800ACB5A1 /* SoundManager.h */,
				D5F078631C1DDB0800ACB5A1 /* SoundManager.cpp */,
				D536C9E81C02E81A0046C82B /* Stage.h */,
				D536C9E71C02E81A0046C82B /* Stage.cpp */,
				D536C9EB1C03BF5B0046C82B /* StageStatus.h */,
				D536C9EC1C03BF660046C82B /* StageStatus.cpp */,
				D5BDF2E61B850E6A002A11C2 /* Sprite */,
				D5BDF2E51B850DD6002A11C2 /* Scene */,
				46880B8519C43A87006E1F66 /* AppDelegate.h */,
				46880B8419C43A87006E1F66 /* AppDelegate.cpp */,
			);
			name = Classes;
			path = ../Classes;
			sourceTree = "<group>";
		};
		503AE0F517EB97AB00D1A890 /* Icons */ = {
			isa = PBXGroup;
			children = (
				503AE0F617EB97AB00D1A890 /* Icon.icns */,
				503AE0F717EB97AB00D1A890 /* Info.plist */,
			);
			name = Icons;
			path = mac;
			sourceTree = SOURCE_ROOT;
		};
		503AE10617EB990700D1A890 /* mac */ = {
			isa = PBXGroup;
			children = (
				503AE0F517EB97AB00D1A890 /* Icons */,
				503AE10317EB98FF00D1A890 /* main.cpp */,
				503AE10417EB98FF00D1A890 /* Prefix.pch */,
			);
			name = mac;
			sourceTree = "<group>";
		};
		5087E77117EB970100C73F5D /* Icons */ = {
			isa = PBXGroup;
			children = (
				521A8E6219F0C34300D177D7 /* Default-667h@2x.png */,
				521A8E6319F0C34300D177D7 /* Default-736h@3x.png */,
				5087E77217EB970100C73F5D /* Default-568h@2x.png */,
				5087E77317EB970100C73F5D /* Default.png */,
				5087E77417EB970100C73F5D /* Default@2x.png */,
				50EF62A017ECD613001EB2F8 /* Icon-29.png */,
				50EF62A117ECD613001EB2F8 /* Icon-50.png */,
				50EF629217ECD46A001EB2F8 /* Icon-40.png */,
				50EF629317ECD46A001EB2F8 /* Icon-58.png */,
				50EF629417ECD46A001EB2F8 /* Icon-80.png */,
				50EF629517ECD46A001EB2F8 /* Icon-100.png */,
				5087E77517EB970100C73F5D /* Icon-114.png */,
				5087E77617EB970100C73F5D /* Icon-120.png */,
				5087E77717EB970100C73F5D /* Icon-144.png */,
				5087E77817EB970100C73F5D /* Icon-152.png */,
				5087E77917EB970100C73F5D /* Icon-57.png */,
				5087E77A17EB970100C73F5D /* Icon-72.png */,
				5087E77B17EB970100C73F5D /* Icon-76.png */,
				5087E77C17EB970100C73F5D /* Info.plist */,
			);
			name = Icons;
			path = ios;
			sourceTree = SOURCE_ROOT;
		};
		D5A686891C98C7BC000E0E3C /* SonarFrameworks */ = {
			isa = PBXGroup;
			children = (
				D5A686981C98C892000E0E3C /* IOSCPPHelper.mm */,
				D5A686991C98C892000E0E3C /* SCHSettings.h */,
				D5A6869A1C98C892000E0E3C /* IOSCPPHelper.h */,
				D5A6869B1C98C892000E0E3C /* IOSHelper.h */,
				D5A6869C1C98C892000E0E3C /* IOSHelper.m */,
				D5A6869D1C98C892000E0E3C /* IOSResults.h */,
				D5A6869E1C98C892000E0E3C /* IOSResults.mm */,
				D5A6869F1C98C892000E0E3C /* SCHDefinitions.h */,
				D5A686A01C98C892000E0E3C /* SonarFrameworks.cpp */,
				D5A686A11C98C892000E0E3C /* SonarFrameworks.h */,
			);
			name = SonarFrameworks;
			sourceTree = "<group>";
		};
		D5BDF2E51B850DD6002A11C2 /* Scene */ = {
			isa = PBXGroup;
			children = (
				D51C96061C93693D00081741 /* CreditLayer.h */,
				D51C96071C93693D00081741 /* CreditLayer.cpp */,
				D52BDA071B864E8E0049A538 /* GameLayer.h */,
				D52BDA061B864E8E0049A538 /* GameLayer.cpp */,
				D52BDA0B1B8651CC0049A538 /* GameOverHUD.h */,
				D52BDA0A1B8651CC0049A538 /* GameOverHUD.cpp */,
				D536C9E41C024E970046C82B /* HomeLayer.h */,
				D536C9E31C024E970046C82B /* HomeLayer.cpp */,
				D5BDF2E71B8647EF002A11C2 /* MainMenuLayer.h */,
				D5BDF2E81B8647EF002A11C2 /* MainMenuLayer.cpp */,
				D52C3BBC1BAF550E001F0205 /* PauseHUD.h */,
				D52C3BBB1BAF550E001F0205 /* PauseHUD.cpp */,
				D5548C351C17765D00C1C86C /* SettingsMenuHUD.h */,
				D5548C341C17765D00C1C86C /* SettingsMenuHUD.cpp */,
				D51B37841BB2095D005A5976 /* ScoreHUD.h */,
				D51B37831BB2095D005A5976 /* ScoreHUD.cpp */,
				D52BDA031B864CBE0049A538 /* SplashScreenLayer.h */,
				D52BDA021B864CBE0049A538 /* SplashScreenLayer.cpp */,
			);
			name = Scene;
			sourceTree = "<group>";
		};
		D5BDF2E61B850E6A002A11C2 /* Sprite */ = {
			isa = PBXGroup;
			children = (
				D5548C391C1B7CF600C1C86C /* BackButton.h */,
				D5548C381C1B7CF600C1C86C /* BackButton.cpp */,
				D59103D31B8BA5D5005E5CD9 /* Chicken.h */,
				D59103D21B8BA5D5005E5CD9 /* Chicken.cpp */,
				D59103D61B8BC1A5005E5CD9 /* Cloud.h */,
				D59103D51B8BC1A5005E5CD9 /* Cloud.cpp */,
				D52BDA461B8A94000049A538 /* Collectable.h */,
				D52BDA451B8A94000049A538 /* Collectable.cpp */,
				D5548C191C0CEAA000C1C86C /* FloatingChicken.h */,
				D5548C181C0CEAA000C1C86C /* FloatingChicken.cpp */,
				D52BDA421B8A66270049A538 /* LayerBackground.h */,
				D52BDA411B8A66270049A538 /* LayerBackground.cpp */,
				D5BDFD171B8FCAC70031AE1B /* LayerGround.h */,
				D5BDFD161B8FCAC70031AE1B /* LayerGround.cpp */,
				D5BDFD131B8FB5000031AE1B /* LayerTwo.h */,
				D5BDFD121B8FB5000031AE1B /* LayerTwo.cpp */,
				D5F0786C1C2EB67D00ACB5A1 /* ScrollingLayerBase.h */,
				D5F0786B1C2EB67D00ACB5A1 /* ScrollingLayerBase.cpp */,
				D5548C281C143DDA00C1C86C /* SpecialCollectable.h */,
				D5548C271C143DDA00C1C86C /* SpecialCollectable.cpp */,
				D575D0F41B94DD0D0082D427 /* Trampoline.h */,
				D575D0F31B94DD0D0082D427 /* Trampoline.cpp */,
			);
			name = Sprite;
			sourceTree = "<group>";
		};
/* End PBXGroup section */

/* Begin PBXNativeTarget section */
		1D6058900D05DD3D006BFB54 /* ChickenJump iOS */ = {
			isa = PBXNativeTarget;
			buildConfigurationList = 1D6058960D05DD3E006BFB54 /* Build configuration list for PBXNativeTarget "ChickenJump iOS" */;
			buildPhases = (
				1D60588D0D05DD3D006BFB54 /* Resources */,
				1D60588E0D05DD3D006BFB54 /* Sources */,
				1D60588F0D05DD3D006BFB54 /* Frameworks */,
			);
			buildRules = (
			);
			dependencies = (
				1AC6FB25180E99E1004C840B /* PBXTargetDependency */,
			);
			name = "ChickenJump iOS";
			productName = iphone;
			productReference = 1D6058910D05DD3D006BFB54 /* ChickenJump iOS.app */;
			productType = "com.apple.product-type.application";
		};
		5087E73D17EB910900C73F5D /* ChickenJump Mac */ = {
			isa = PBXNativeTarget;
			buildConfigurationList = 5087E76C17EB910900C73F5D /* Build configuration list for PBXNativeTarget "ChickenJump Mac" */;
			buildPhases = (
				5087E74817EB910900C73F5D /* Resources */,
				5087E75617EB910900C73F5D /* Sources */,
				5087E75C17EB910900C73F5D /* Frameworks */,
			);
			buildRules = (
			);
			dependencies = (
				1AC6FB16180E9959004C840B /* PBXTargetDependency */,
			);
			name = "ChickenJump Mac";
			productName = iphone;
			productReference = 5087E76F17EB910900C73F5D /* ChickenJump Mac.app */;
			productType = "com.apple.product-type.application";
		};
/* End PBXNativeTarget section */

/* Begin PBXProject section */
		29B97313FDCFA39411CA2CEA /* Project object */ = {
			isa = PBXProject;
			attributes = {
				LastUpgradeCheck = 0630;
				TargetAttributes = {
					1D6058900D05DD3D006BFB54 = {
						DevelopmentTeam = WCM2L8RG39;
					};
				};
			};
			buildConfigurationList = C01FCF4E08A954540054247B /* Build configuration list for PBXProject "ChickenJump" */;
			compatibilityVersion = "Xcode 3.2";
			developmentRegion = English;
			hasScannedForEncodings = 1;
			knownRegions = (
				English,
				Japanese,
				French,
				German,
			);
			mainGroup = 29B97314FDCFA39411CA2CEA /* CustomTemplate */;
			projectDirPath = "";
			projectReferences = (
				{
					ProductGroup = 1AC6FAE6180E9839004C840B /* Products */;
					ProjectRef = 1AC6FAE5180E9839004C840B /* cocos2d_libs.xcodeproj */;
				},
			);
			projectRoot = "";
			targets = (
				1D6058900D05DD3D006BFB54 /* ChickenJump iOS */,
				5087E73D17EB910900C73F5D /* ChickenJump Mac */,
			);
		};
/* End PBXProject section */

/* Begin PBXReferenceProxy section */
		1AC6FAF9180E9839004C840B /* libcocos2d Mac.a */ = {
			isa = PBXReferenceProxy;
			fileType = archive.ar;
			path = "libcocos2d Mac.a";
			remoteRef = 1AC6FAF8180E9839004C840B /* PBXContainerItemProxy */;
			sourceTree = BUILT_PRODUCTS_DIR;
		};
		1AC6FB07180E9839004C840B /* libcocos2d iOS.a */ = {
			isa = PBXReferenceProxy;
			fileType = archive.ar;
			path = "libcocos2d iOS.a";
			remoteRef = 1AC6FB06180E9839004C840B /* PBXContainerItemProxy */;
			sourceTree = BUILT_PRODUCTS_DIR;
		};
/* End PBXReferenceProxy section */

/* Begin PBXResourcesBuildPhase section */
		1D60588D0D05DD3D006BFB54 /* Resources */ = {
			isa = PBXResourcesBuildPhase;
			buildActionMask = 2147483647;
			files = (
				D53DBEC91BA89FC4001A812F /* resource_hd in Resources */,
				D5548C2C1C147BD900C1C86C /* lifeup.wav in Resources */,
				D57CF0331B996DD600987F3E /* jump.wav in Resources */,
				D575334B1C583A7500E4C350 /* win.wav in Resources */,
				5087E78117EB970100C73F5D /* Icon-120.png in Resources */,
				D528C11C1C7D155B00BDCB41 /* Images.xcassets in Resources */,
				5087E78617EB970100C73F5D /* Icon-76.png in Resources */,
				5087E77F17EB970100C73F5D /* Default@2x.png in Resources */,
				D53DBECA1BA89FC4001A812F /* resource_hd2 in Resources */,
				50EF629917ECD46A001EB2F8 /* Icon-100.png in Resources */,
				5087E78317EB970100C73F5D /* Icon-152.png in Resources */,
				D53DBECB1BA89FC4001A812F /* resource_sd in Resources */,
				5087E77D17EB970100C73F5D /* Default-568h@2x.png in Resources */,
				5087E78517EB970100C73F5D /* Icon-72.png in Resources */,
				521A8E6519F0C34300D177D7 /* Default-736h@3x.png in Resources */,
				D5253ABB1B088B0500AFC291 /* blank.png in Resources */,
				521A8EA919F11F5000D177D7 /* fonts in Resources */,
				50EF62A317ECD613001EB2F8 /* Icon-50.png in Resources */,
				5087E78017EB970100C73F5D /* Icon-114.png in Resources */,
				50EF62A217ECD613001EB2F8 /* Icon-29.png in Resources */,
				D5A9CEA31C9C513D00C025C4 /* gameplay.mp3 in Resources */,
				50EF629617ECD46A001EB2F8 /* Icon-40.png in Resources */,
				D5548C321C1481FA00C1C86C /* pickup_coin.wav in Resources */,
				5087E78217EB970100C73F5D /* Icon-144.png in Resources */,
				3EACC98F19EE6D4300EB3C5E /* res in Resources */,
				D5548C1D1C13003900C1C86C /* explosion.wav in Resources */,
				D5548C2F1C147E2900C1C86C /* dead.wav in Resources */,
				50EF629817ECD46A001EB2F8 /* Icon-80.png in Resources */,
				D5A9CEA21C9C513D00C025C4 /* menu.mp3 in Resources */,
				5087E78417EB970100C73F5D /* Icon-57.png in Resources */,
				5087E77E17EB970100C73F5D /* Default.png in Resources */,
				521A8E6419F0C34300D177D7 /* Default-667h@2x.png in Resources */,
				50EF629717ECD46A001EB2F8 /* Icon-58.png in Resources */,
			);
			runOnlyForDeploymentPostprocessing = 0;
		};
		5087E74817EB910900C73F5D /* Resources */ = {
			isa = PBXResourcesBuildPhase;
			buildActionMask = 2147483647;
			files = (
				D5548C331C1481FA00C1C86C /* pickup_coin.wav in Resources */,
				D57CF0341B996DD600987F3E /* jump.wav in Resources */,
				D5548C1E1C13003900C1C86C /* explosion.wav in Resources */,
				D575334C1C583A7500E4C350 /* win.wav in Resources */,
				D5548C301C147E2900C1C86C /* dead.wav in Resources */,
				503AE0F817EB97AB00D1A890 /* Icon.icns in Resources */,
				3EACC99019EE6D4300EB3C5E /* res in Resources */,
				521A8EAA19F11F5000D177D7 /* fonts in Resources */,
				D5548C2D1C147BD900C1C86C /* lifeup.wav in Resources */,
				D5253ABC1B088B0500AFC291 /* blank.png in Resources */,
			);
			runOnlyForDeploymentPostprocessing = 0;
		};
/* End PBXResourcesBuildPhase section */

/* Begin PBXSourcesBuildPhase section */
		1D60588E0D05DD3D006BFB54 /* Sources */ = {
			isa = PBXSourcesBuildPhase;
			buildActionMask = 2147483647;
			files = (
				D5F0786D1C2EB67D00ACB5A1 /* ScrollingLayerBase.cpp in Sources */,
				46880B8819C43A87006E1F66 /* AppDelegate.cpp in Sources */,
				D5548C361C17765D00C1C86C /* SettingsMenuHUD.cpp in Sources */,
				D5548C3A1C1B7CF600C1C86C /* BackButton.cpp in Sources */,
				D59103D71B8BC1A5005E5CD9 /* Cloud.cpp in Sources */,
				D5A686A31C98C892000E0E3C /* IOSHelper.m in Sources */,
				D536C9E91C02E81A0046C82B /* Stage.cpp in Sources */,
				503AE10017EB989F00D1A890 /* AppController.mm in Sources */,
				D5A686A51C98C892000E0E3C /* SonarFrameworks.cpp in Sources */,
				D52BDA0C1B8651CC0049A538 /* GameOverHUD.cpp in Sources */,
				D59103D41B8BA5D5005E5CD9 /* Chicken.cpp in Sources */,
				D52BDA471B8A94000049A538 /* Collectable.cpp in Sources */,
				D51C96081C93693D00081741 /* CreditLayer.cpp in Sources */,
				D575D0F51B94DD0D0082D427 /* Trampoline.cpp in Sources */,
				D52BDA041B864CBE0049A538 /* SplashScreenLayer.cpp in Sources */,
				503AE10217EB989F00D1A890 /* RootViewController.mm in Sources */,
				D52C3BBD1BAF550E001F0205 /* PauseHUD.cpp in Sources */,
				D51B37851BB2095D005A5976 /* ScoreHUD.cpp in Sources */,
				D5A686A41C98C892000E0E3C /* IOSResults.mm in Sources */,
				D536C9ED1C03BF660046C82B /* StageStatus.cpp in Sources */,
				D5A686A21C98C892000E0E3C /* IOSCPPHelper.mm in Sources */,
				D5F078651C1DDB0800ACB5A1 /* SoundManager.cpp in Sources */,
				D536C9E51C024E970046C82B /* HomeLayer.cpp in Sources */,
				D52BDA431B8A66270049A538 /* LayerBackground.cpp in Sources */,
				D5548C291C143DDA00C1C86C /* SpecialCollectable.cpp in Sources */,
				D5548C1A1C0CEAA000C1C86C /* FloatingChicken.cpp in Sources */,
				D52BDA081B864E8E0049A538 /* GameLayer.cpp in Sources */,
				D52BDA0F1B8676250049A538 /* Constants.h in Sources */,
				D5BDFD141B8FB5000031AE1B /* LayerTwo.cpp in Sources */,
				D5BDFD181B8FCAC70031AE1B /* LayerGround.cpp in Sources */,
				D5BDF2E91B8647EF002A11C2 /* MainMenuLayer.cpp in Sources */,
				503AE10117EB989F00D1A890 /* main.m in Sources */,
			);
			runOnlyForDeploymentPostprocessing = 0;
		};
		5087E75617EB910900C73F5D /* Sources */ = {
			isa = PBXSourcesBuildPhase;
			buildActionMask = 2147483647;
			files = (
				D52BDA0D1B8651CC0049A538 /* GameOverHUD.cpp in Sources */,
				D5BDFD151B8FB5000031AE1B /* LayerTwo.cpp in Sources */,
				46880B8919C43A87006E1F66 /* AppDelegate.cpp in Sources */,
				D5BDFD191B8FCAC70031AE1B /* LayerGround.cpp in Sources */,
				D5F0786E1C2EB67D00ACB5A1 /* ScrollingLayerBase.cpp in Sources */,
				503AE10517EB98FF00D1A890 /* main.cpp in Sources */,
				D5548C371C17765D00C1C86C /* SettingsMenuHUD.cpp in Sources */,
				D536C9EE1C03BF660046C82B /* StageStatus.cpp in Sources */,
				D536C9E61C024E970046C82B /* HomeLayer.cpp in Sources */,
				D52BDA091B864E8E0049A538 /* GameLayer.cpp in Sources */,
				D5548C2A1C143DDA00C1C86C /* SpecialCollectable.cpp in Sources */,
				D575D0F61B94DD0D0082D427 /* Trampoline.cpp in Sources */,
				D52BDA101B8676250049A538 /* Constants.h in Sources */,
				D5BDF2EA1B8647EF002A11C2 /* MainMenuLayer.cpp in Sources */,
				D52BDA481B8A94000049A538 /* Collectable.cpp in Sources */,
				D52C3BBE1BAF550E001F0205 /* PauseHUD.cpp in Sources */,
				D52BDA051B864CBE0049A538 /* SplashScreenLayer.cpp in Sources */,
				D51B37861BB2095D005A5976 /* ScoreHUD.cpp in Sources */,
				D5548C3B1C1B7CF600C1C86C /* BackButton.cpp in Sources */,
				D5548C1B1C0CEAA000C1C86C /* FloatingChicken.cpp in Sources */,
				D536C9EA1C02E81A0046C82B /* Stage.cpp in Sources */,
				D52BDA441B8A66270049A538 /* LayerBackground.cpp in Sources */,
				D5F078661C1DDB0800ACB5A1 /* SoundManager.cpp in Sources */,
			);
			runOnlyForDeploymentPostprocessing = 0;
		};
/* End PBXSourcesBuildPhase section */

/* Begin PBXTargetDependency section */
		1AC6FB16180E9959004C840B /* PBXTargetDependency */ = {
			isa = PBXTargetDependency;
			name = "cocos2dx Mac";
			targetProxy = 1AC6FB15180E9959004C840B /* PBXContainerItemProxy */;
		};
		1AC6FB25180E99E1004C840B /* PBXTargetDependency */ = {
			isa = PBXTargetDependency;
			name = "cocos2dx iOS";
			targetProxy = 1AC6FB24180E99E1004C840B /* PBXContainerItemProxy */;
		};
/* End PBXTargetDependency section */

/* Begin XCBuildConfiguration section */
		1D6058940D05DD3E006BFB54 /* Debug */ = {
			isa = XCBuildConfiguration;
			buildSettings = {
				ALWAYS_SEARCH_USER_PATHS = YES;
				ASSETCATALOG_COMPILER_APPICON_NAME = AppIcon;
				ASSETCATALOG_COMPILER_LAUNCHIMAGE_NAME = "Brand Assets";
				CODE_SIGN_IDENTITY = "";
				COMPRESS_PNG_FILES = NO;
				ENABLE_BITCODE = NO;
				ENABLE_NS_ASSERTIONS = NO;
				FRAMEWORK_SEARCH_PATHS = (
					"$(inherited)",
					"$(PROJECT_DIR)/ios",
				);
				GCC_DYNAMIC_NO_PIC = NO;
				GCC_INLINES_ARE_PRIVATE_EXTERN = NO;
				GCC_PRECOMPILE_PREFIX_HEADER = YES;
				GCC_PREFIX_HEADER = ios/Prefix.pch;
				GCC_PREPROCESSOR_DEFINITIONS = (
					USE_FILE32API,
					CC_TARGET_OS_IPHONE,
					"COCOS2D_DEBUG=1",
					"CC_ENABLE_CHIPMUNK_INTEGRATION=1",
				);
				GCC_SYMBOLS_PRIVATE_EXTERN = NO;
				HEADER_SEARCH_PATHS = (
					"$(inherited)",
					"$(SRCROOT)/../cocos2d/cocos/platform/ios",
					"$(SRCROOT)/../cocos2d/cocos/platform/ios/Simulation",
				);
				INFOPLIST_FILE = ios/Info.plist;
				IPHONEOS_DEPLOYMENT_TARGET = 6.0;
				LIBRARY_SEARCH_PATHS = "";
				OTHER_LDFLAGS = (
					"$(_COCOS_LIB_IOS_BEGIN)",
					"$(_COCOS_LIB_IOS_END)",
				);
				PRODUCT_BUNDLE_IDENTIFIER = com.sixeyes.chickenjump;
				SDKROOT = iphoneos;
				TARGETED_DEVICE_FAMILY = "1,2";
				USER_HEADER_SEARCH_PATHS = "$(_COCOS_HEADER_IOS_BEGIN) $(_COCOS_HEADER_IOS_END)";
				VALID_ARCHS = "arm64 armv7";
			};
			name = Debug;
		};
		1D6058950D05DD3E006BFB54 /* Release */ = {
			isa = XCBuildConfiguration;
			buildSettings = {
				ALWAYS_SEARCH_USER_PATHS = YES;
				ASSETCATALOG_COMPILER_APPICON_NAME = AppIcon;
				ASSETCATALOG_COMPILER_LAUNCHIMAGE_NAME = "Brand Assets";
				CODE_SIGN_IDENTITY = "";
				COMPRESS_PNG_FILES = NO;
				ENABLE_BITCODE = NO;
				ENABLE_NS_ASSERTIONS = NO;
				FRAMEWORK_SEARCH_PATHS = (
					"$(inherited)",
					"$(PROJECT_DIR)/ios",
				);
				GCC_INLINES_ARE_PRIVATE_EXTERN = NO;
				GCC_PRECOMPILE_PREFIX_HEADER = YES;
				GCC_PREFIX_HEADER = ios/Prefix.pch;
				GCC_PREPROCESSOR_DEFINITIONS = (
					USE_FILE32API,
					CC_TARGET_OS_IPHONE,
					"CC_ENABLE_CHIPMUNK_INTEGRATION=1",
				);
				GCC_SYMBOLS_PRIVATE_EXTERN = NO;
				HEADER_SEARCH_PATHS = (
					"$(inherited)",
					"$(SRCROOT)/../cocos2d/cocos/platform/ios",
					"$(SRCROOT)/../cocos2d/cocos/platform/ios/Simulation",
				);
				INFOPLIST_FILE = ios/Info.plist;
				IPHONEOS_DEPLOYMENT_TARGET = 6.0;
				LIBRARY_SEARCH_PATHS = "";
				OTHER_LDFLAGS = (
					"$(_COCOS_LIB_IOS_BEGIN)",
					"$(_COCOS_LIB_IOS_END)",
				);
				PRODUCT_BUNDLE_IDENTIFIER = com.sixeyes.chickenjump;
				SDKROOT = iphoneos;
				TARGETED_DEVICE_FAMILY = "1,2";
				USER_HEADER_SEARCH_PATHS = "$(_COCOS_HEADER_IOS_BEGIN) $(_COCOS_HEADER_IOS_END)";
				VALID_ARCHS = "arm64 armv7";
			};
			name = Release;
		};
		5087E76D17EB910900C73F5D /* Debug */ = {
			isa = XCBuildConfiguration;
			buildSettings = {
				ALWAYS_SEARCH_USER_PATHS = YES;
				ARCHS = "$(ARCHS_STANDARD_64_BIT)";
				CLANG_CXX_LANGUAGE_STANDARD = "c++0x";
				CLANG_CXX_LIBRARY = "libc++";
				GCC_DYNAMIC_NO_PIC = NO;
				GCC_INLINES_ARE_PRIVATE_EXTERN = NO;
				GCC_PRECOMPILE_PREFIX_HEADER = YES;
				GCC_PREFIX_HEADER = mac/Prefix.pch;
				GCC_PREPROCESSOR_DEFINITIONS = (
					USE_FILE32API,
					CC_TARGET_OS_MAC,
					"COCOS2D_DEBUG=1",
					"CC_ENABLE_CHIPMUNK_INTEGRATION=1",
				);
				GCC_SYMBOLS_PRIVATE_EXTERN = NO;
				HEADER_SEARCH_PATHS = (
					"$(inherited)",
					"$(SRCROOT)/../cocos2d/cocos/platform/mac",
					"$(SRCROOT)/../cocos2d/external/glfw3/include/mac",
				);
				INFOPLIST_FILE = mac/Info.plist;
				LIBRARY_SEARCH_PATHS = "";
				OTHER_LDFLAGS = (
					"$(_COCOS_LIB_MAC_BEGIN)",
					"$(_COCOS_LIB_MAC_END)",
				);
				USER_HEADER_SEARCH_PATHS = "$(_COCOS_HEADER_MAC_BEGIN) $(_COCOS_HEADER_MAC_END)";
			};
			name = Debug;
		};
		5087E76E17EB910900C73F5D /* Release */ = {
			isa = XCBuildConfiguration;
			buildSettings = {
				ALWAYS_SEARCH_USER_PATHS = YES;
				ARCHS = "$(ARCHS_STANDARD_64_BIT)";
				CLANG_CXX_LANGUAGE_STANDARD = "c++0x";
				CLANG_CXX_LIBRARY = "libc++";
				GCC_INLINES_ARE_PRIVATE_EXTERN = NO;
				GCC_PRECOMPILE_PREFIX_HEADER = YES;
				GCC_PREFIX_HEADER = mac/Prefix.pch;
				GCC_PREPROCESSOR_DEFINITIONS = (
					USE_FILE32API,
					CC_TARGET_OS_MAC,
					"CC_ENABLE_CHIPMUNK_INTEGRATION=1",
				);
				GCC_SYMBOLS_PRIVATE_EXTERN = NO;
				HEADER_SEARCH_PATHS = (
					"$(inherited)",
					"$(SRCROOT)/../cocos2d/cocos/platform/mac",
					"$(SRCROOT)/../cocos2d/external/glfw3/include/mac",
				);
				INFOPLIST_FILE = mac/Info.plist;
				LIBRARY_SEARCH_PATHS = "";
				OTHER_LDFLAGS = (
					"$(_COCOS_LIB_MAC_BEGIN)",
					"$(_COCOS_LIB_MAC_END)",
				);
				USER_HEADER_SEARCH_PATHS = "$(_COCOS_HEADER_MAC_BEGIN) $(_COCOS_HEADER_MAC_END)";
			};
			name = Release;
		};
		C01FCF4F08A954540054247B /* Debug */ = {
			isa = XCBuildConfiguration;
			buildSettings = {
				CLANG_CXX_LANGUAGE_STANDARD = "c++0x";
				CLANG_CXX_LIBRARY = "libc++";
				COPY_PHASE_STRIP = NO;
				GCC_OPTIMIZATION_LEVEL = 0;
				GCC_WARN_ABOUT_RETURN_TYPE = YES;
				GCC_WARN_UNUSED_VARIABLE = YES;
				HEADER_SEARCH_PATHS = (
					"$(SRCROOT)/../cocos2d",
					"$(SRCROOT)/../cocos2d/cocos",
					"$(SRCROOT)/../cocos2d/cocos/base",
					"$(SRCROOT)/../cocos2d/cocos/physics",
					"$(SRCROOT)/../cocos2d/cocos/math",
					"$(SRCROOT)/../cocos2d/cocos/2d",
					"$(SRCROOT)/../cocos2d/cocos/ui",
					"$(SRCROOT)/../cocos2d/cocos/network",
					"$(SRCROOT)/../cocos2d/cocos/audio/include",
					"$(SRCROOT)/../cocos2d/cocos/editor-support",
					"$(SRCROOT)/../cocos2d/extensions",
					"$(SRCROOT)/../cocos2d/external",
					"$(SRCROOT)/../cocos2d/external/chipmunk/include/chipmunk",
				);
				MACOSX_DEPLOYMENT_TARGET = 10.7;
				ONLY_ACTIVE_ARCH = YES;
				PRODUCT_NAME = "$(TARGET_NAME)";
				SDKROOT = macosx;
			};
			name = Debug;
		};
		C01FCF5008A954540054247B /* Release */ = {
			isa = XCBuildConfiguration;
			buildSettings = {
				CLANG_CXX_LANGUAGE_STANDARD = "c++0x";
				CLANG_CXX_LIBRARY = "libc++";
				GCC_WARN_ABOUT_RETURN_TYPE = YES;
				GCC_WARN_UNUSED_VARIABLE = YES;
				HEADER_SEARCH_PATHS = (
					"$(SRCROOT)/../cocos2d",
					"$(SRCROOT)/../cocos2d/cocos",
					"$(SRCROOT)/../cocos2d/cocos/base",
					"$(SRCROOT)/../cocos2d/cocos/physics",
					"$(SRCROOT)/../cocos2d/cocos/math",
					"$(SRCROOT)/../cocos2d/cocos/2d",
					"$(SRCROOT)/../cocos2d/cocos/ui",
					"$(SRCROOT)/../cocos2d/cocos/network",
					"$(SRCROOT)/../cocos2d/cocos/audio/include",
					"$(SRCROOT)/../cocos2d/cocos/editor-support",
					"$(SRCROOT)/../cocos2d/extensions",
					"$(SRCROOT)/../cocos2d/external",
					"$(SRCROOT)/../cocos2d/external/chipmunk/include/chipmunk",
				);
				MACOSX_DEPLOYMENT_TARGET = 10.7;
				OTHER_CFLAGS = "-DNS_BLOCK_ASSERTIONS=1";
				PRODUCT_NAME = "$(TARGET_NAME)";
				SDKROOT = macosx;
				VALIDATE_PRODUCT = YES;
			};
			name = Release;
		};
/* End XCBuildConfiguration section */

/* Begin XCConfigurationList section */
		1D6058960D05DD3E006BFB54 /* Build configuration list for PBXNativeTarget "ChickenJump iOS" */ = {
			isa = XCConfigurationList;
			buildConfigurations = (
				1D6058940D05DD3E006BFB54 /* Debug */,
				1D6058950D05DD3E006BFB54 /* Release */,
			);
			defaultConfigurationIsVisible = 0;
			defaultConfigurationName = Debug;
		};
		5087E76C17EB910900C73F5D /* Build configuration list for PBXNativeTarget "ChickenJump Mac" */ = {
			isa = XCConfigurationList;
			buildConfigurations = (
				5087E76D17EB910900C73F5D /* Debug */,
				5087E76E17EB910900C73F5D /* Release */,
			);
			defaultConfigurationIsVisible = 0;
			defaultConfigurationName = Debug;
		};
		C01FCF4E08A954540054247B /* Build configuration list for PBXProject "ChickenJump" */ = {
			isa = XCConfigurationList;
			buildConfigurations = (
				C01FCF4F08A954540054247B /* Debug */,
				C01FCF5008A954540054247B /* Release */,
			);
			defaultConfigurationIsVisible = 0;
			defaultConfigurationName = Debug;
		};
/* End XCConfigurationList section */
	};
	rootObject = 29B97313FDCFA39411CA2CEA /* Project object */;
}
